// !$*UTF8*$!
{
	archiveVersion = 1;
	classes = {
	};
	objectVersion = 46;
	objects = {

/* Begin PBXAggregateTarget section */
		5C15A05C15A05C15A0000000 /* ALL_BUILD */ = {
			isa = PBXAggregateTarget;
			buildConfigurationList = 5C26705C26705C2670000000 /* Build configuration list for PBXAggregateTarget "ALL_BUILD" */;
			buildPhases = (
				5C18405C18405C1840000000 /* CMake ReRun */,
				5C1EB05C1EB05C1EB0000000 /* CMake Rules */,
			);
			dependencies = (
				1067E201067E201067E20000 /* PBXTargetDependency */,
			);
			name = ALL_BUILD;
			productName = ALL_BUILD;
		};
/* End PBXAggregateTarget section */

/* Begin PBXBuildFile section */
		1042D301042D301042D30000 /* moc_imagewidget.cxx in Sources */ = {isa = PBXBuildFile; fileRef = 1042B001042B001042B00000 /* moc_imagewidget.cxx */; settings = {COMPILER_FLAGS = ""; }; };
		10438B010438B010438B0000 /* moc_MedianFilterDialog.cxx in Sources */ = {isa = PBXBuildFile; fileRef = 10436A010436A010436A0000 /* moc_MedianFilterDialog.cxx */; settings = {COMPILER_FLAGS = ""; }; };
		10444A010444A010444A0000 /* moc_GADFilterDialog.cxx in Sources */ = {isa = PBXBuildFile; fileRef = 104426010442601044260000 /* moc_GADFilterDialog.cxx */; settings = {COMPILER_FLAGS = ""; }; };
		5A74705A74705A7470000000 /* moc_imageviewer.cxx in Sources */ = {isa = PBXBuildFile; fileRef = 5A72F05A72F05A72F0000000 /* moc_imageviewer.cxx */; settings = {COMPILER_FLAGS = ""; }; };
		5A7F405A7F405A7F40000000 /* GADFilterDialog.cpp in Sources */ = {isa = PBXBuildFile; fileRef = 5AB7605AB7605AB760000000 /* GADFilterDialog.cpp */; settings = {COMPILER_FLAGS = ""; }; };
		5AA8805AA8805AA880000000 /* main.cpp in Sources */ = {isa = PBXBuildFile; fileRef = 5ABE605ABE605ABE60000000 /* main.cpp */; settings = {COMPILER_FLAGS = ""; }; };
		5AB4505AB4505AB450000000 /* MedianFilterDialog.cpp in Sources */ = {isa = PBXBuildFile; fileRef = 5AAC105AAC105AAC10000000 /* MedianFilterDialog.cpp */; settings = {COMPILER_FLAGS = ""; }; };
		5B5AB05B5AB05B5AB0000000 /* imageviewer.cpp in Sources */ = {isa = PBXBuildFile; fileRef = 5B53B05B53B05B53B0000000 /* imageviewer.cpp */; settings = {COMPILER_FLAGS = ""; }; };
		5B65C05B65C05B65C0000000 /* imagewidget.cpp in Sources */ = {isa = PBXBuildFile; fileRef = 5B5E505B5E505B5E50000000 /* imagewidget.cpp */; settings = {COMPILER_FLAGS = ""; }; };
/* End PBXBuildFile section */

/* Begin PBXContainerItemProxy section */
		106796010679601067960000 /* PBXContainerItemProxy */ = {
			isa = PBXContainerItemProxy;
			containerPortal = 5BEFA05BEFA05BEFA0000000 /* Project object */;
			proxyType = 1;
			remoteGlobalIDString = 104A070104A070104A070000;
			remoteInfo = ImageViewer;
		};
/* End PBXContainerItemProxy section */

/* Begin PBXFileReference section */
		1042B001042B001042B00000 /* moc_imagewidget.cxx */ = {isa = PBXFileReference; fileEncoding = 4; lastKnownFileType = sourcecode.cpp.cpp; name = moc_imagewidget.cxx; path = "build-xcode-3.20/moc_imagewidget.cxx"; sourceTree = SOURCE_ROOT; };
		10436A010436A010436A0000 /* moc_MedianFilterDialog.cxx */ = {isa = PBXFileReference; fileEncoding = 4; lastKnownFileType = sourcecode.cpp.cpp; name = moc_MedianFilterDialog.cxx; path = "build-xcode-3.20/moc_MedianFilterDialog.cxx"; sourceTree = SOURCE_ROOT; };
		104426010442601044260000 /* moc_GADFilterDialog.cxx */ = {isa = PBXFileReference; fileEncoding = 4; lastKnownFileType = sourcecode.cpp.cpp; name = moc_GADFilterDialog.cxx; path = "build-xcode-3.20/moc_GADFilterDialog.cxx"; sourceTree = SOURCE_ROOT; };
		104566010456601045660000 /* MedianFilterDialog.ui */ = {isa = PBXFileReference; fileEncoding = 4; lastKnownFileType = sourcecode; path = MedianFilterDialog.ui; sourceTree = SOURCE_ROOT; };
		104621010462101046210000 /* GADFilterDialog.ui */ = {isa = PBXFileReference; fileEncoding = 4; lastKnownFileType = sourcecode; path = GADFilterDialog.ui; sourceTree = SOURCE_ROOT; };
		1046D501046D501046D50000 /* moc_imageviewer.cxx.rule */ = {isa = PBXFileReference; fileEncoding = 4; lastKnownFileType = sourcecode; name = moc_imageviewer.cxx.rule; path = "build-xcode-3.20/moc_imageviewer.cxx.rule"; sourceTree = SOURCE_ROOT; };
		104794010479401047940000 /* moc_imagewidget.cxx.rule */ = {isa = PBXFileReference; fileEncoding = 4; lastKnownFileType = sourcecode; name = moc_imagewidget.cxx.rule; path = "build-xcode-3.20/moc_imagewidget.cxx.rule"; sourceTree = SOURCE_ROOT; };
		104847010484701048470000 /* moc_MedianFilterDialog.cxx.rule */ = {isa = PBXFileReference; fileEncoding = 4; lastKnownFileType = sourcecode; name = moc_MedianFilterDialog.cxx.rule; path = "build-xcode-3.20/moc_MedianFilterDialog.cxx.rule"; sourceTree = SOURCE_ROOT; };
		10490A010490A010490A0000 /* moc_GADFilterDialog.cxx.rule */ = {isa = PBXFileReference; fileEncoding = 4; lastKnownFileType = sourcecode; name = moc_GADFilterDialog.cxx.rule; path = "build-xcode-3.20/moc_GADFilterDialog.cxx.rule"; sourceTree = SOURCE_ROOT; };
		106720010672001067200000 /* ImageViewer */ = {isa = PBXFileReference; explicitFileType = "compiled.mach-o.executable"; path = ImageViewer; sourceTree = BUILT_PRODUCTS_DIR; };
		5A50505A50505A5050000000 /* GADFilterDialog.h */ = {isa = PBXFileReference; fileEncoding = 4; lastKnownFileType = sourcecode.c.h; path = GADFilterDialog.h; sourceTree = SOURCE_ROOT; };
		5A5BA05A5BA05A5BA0000000 /* ui_MedianFilterDialog.h */ = {isa = PBXFileReference; fileEncoding = 4; lastKnownFileType = sourcecode.c.h; name = ui_MedianFilterDialog.h; path = "build-xcode-3.20/ui_MedianFilterDialog.h"; sourceTree = SOURCE_ROOT; };
		5A67305A67305A6730000000 /* ui_GADFilterDialog.h */ = {isa = PBXFileReference; fileEncoding = 4; lastKnownFileType = sourcecode.c.h; name = ui_GADFilterDialog.h; path = "build-xcode-3.20/ui_GADFilterDialog.h"; sourceTree = SOURCE_ROOT; };
		5A72F05A72F05A72F0000000 /* moc_imageviewer.cxx */ = {isa = PBXFileReference; fileEncoding = 4; lastKnownFileType = sourcecode.cpp.cpp; name = moc_imageviewer.cxx; path = "build-xcode-3.20/moc_imageviewer.cxx"; sourceTree = SOURCE_ROOT; };
		5A82F05A82F05A82F0000000 /* imageviewer.h */ = {isa = PBXFileReference; fileEncoding = 4; lastKnownFileType = sourcecode.c.h; path = imageviewer.h; sourceTree = SOURCE_ROOT; };
		5A8E205A8E205A8E20000000 /* imagewidget.h */ = {isa = PBXFileReference; fileEncoding = 4; lastKnownFileType = sourcecode.c.h; path = imagewidget.h; sourceTree = SOURCE_ROOT; };
		5A99105A99105A9910000000 /* MedianFilterDialog.h */ = {isa = PBXFileReference; fileEncoding = 4; lastKnownFileType = sourcecode.c.h; path = MedianFilterDialog.h; sourceTree = SOURCE_ROOT; };
		5AAC105AAC105AAC10000000 /* MedianFilterDialog.cpp */ = {isa = PBXFileReference; fileEncoding = 4; lastKnownFileType = sourcecode.cpp.cpp; path = MedianFilterDialog.cpp; sourceTree = SOURCE_ROOT; };
		5AB7605AB7605AB760000000 /* GADFilterDialog.cpp */ = {isa = PBXFileReference; fileEncoding = 4; lastKnownFileType = sourcecode.cpp.cpp; path = GADFilterDialog.cpp; sourceTree = SOURCE_ROOT; };
		5ABE605ABE605ABE60000000 /* main.cpp */ = {isa = PBXFileReference; fileEncoding = 4; lastKnownFileType = sourcecode.cpp.cpp; path = main.cpp; sourceTree = SOURCE_ROOT; };
		5B4C605B4C605B4C60000000 /* CMakeLists.txt */ = {isa = PBXFileReference; fileEncoding = 4; lastKnownFileType = sourcecode.text; path = CMakeLists.txt; sourceTree = SOURCE_ROOT; };
		5B53B05B53B05B53B0000000 /* imageviewer.cpp */ = {isa = PBXFileReference; fileEncoding = 4; lastKnownFileType = sourcecode.cpp.cpp; path = imageviewer.cpp; sourceTree = SOURCE_ROOT; };
		5B5E505B5E505B5E50000000 /* imagewidget.cpp */ = {isa = PBXFileReference; fileEncoding = 4; lastKnownFileType = sourcecode.cpp.cpp; path = imagewidget.cpp; sourceTree = SOURCE_ROOT; };
/* End PBXFileReference section */

/* Begin PBXGroup section */
		5BAE405BAE405BAE40000000 = {
			isa = PBXGroup;
			children = (
				5BB1305BB1305BB130000000 /* Sources */,
				5BB5305BB5305BB530000000 /* Resources */,
				5BB9305BB9305BB930000000 /* Products */,
			);
			sourceTree = "<group>";
		};
		5BB1305BB1305BB130000000 /* Sources */ = {
			isa = PBXGroup;
			children = (
				5BBC705BBC705BBC70000000 /* ALL_BUILD */,
				5BC8005BC8005BC800000000 /* ImageViewer */,
			);
			name = Sources;
			sourceTree = "<group>";
		};
		5BB5305BB5305BB530000000 /* Resources */ = {
			isa = PBXGroup;
			children = (
			);
			name = Resources;
			sourceTree = "<group>";
		};
		5BB9305BB9305BB930000000 /* Products */ = {
			isa = PBXGroup;
			children = (
				106720010672001067200000 /* ImageViewer */,
			);
			name = Products;
			sourceTree = "<group>";
		};
		5BBC705BBC705BBC70000000 /* ALL_BUILD */ = {
			isa = PBXGroup;
			children = (
				5BC2805BC2805BC280000000 /* CMake Rules */,
				5B4C605B4C605B4C60000000 /* CMakeLists.txt */,
			);
			name = ALL_BUILD;
			sourceTree = "<group>";
		};
		5BC2805BC2805BC280000000 /* CMake Rules */ = {
			isa = PBXGroup;
			children = (
			);
			name = "CMake Rules";
			sourceTree = "<group>";
		};
		5BC8005BC8005BC800000000 /* ImageViewer */ = {
			isa = PBXGroup;
			children = (
				5BCC305BCC305BCC30000000 /* Source Files */,
				5BD3505BD3505BD350000000 /* Header Files */,
				5BDA005BDA005BDA00000000 /* Generated */,
				5BE3405BE3405BE340000000 /* Resources */,
				5BE8D05BE8D05BE8D0000000 /* CMake Rules */,
				5B4C605B4C605B4C60000000 /* CMakeLists.txt */,
			);
			name = ImageViewer;
			sourceTree = "<group>";
		};
		5BCC305BCC305BCC30000000 /* Source Files */ = {
			isa = PBXGroup;
			children = (
				5B53B05B53B05B53B0000000 /* imageviewer.cpp */,
				5B5E505B5E505B5E50000000 /* imagewidget.cpp */,
				5ABE605ABE605ABE60000000 /* main.cpp */,
				5AAC105AAC105AAC10000000 /* MedianFilterDialog.cpp */,
				5AB7605AB7605AB760000000 /* GADFilterDialog.cpp */,
			);
			name = "Source Files";
			sourceTree = "<group>";
		};
		5BD3505BD3505BD350000000 /* Header Files */ = {
			isa = PBXGroup;
			children = (
				5A82F05A82F05A82F0000000 /* imageviewer.h */,
				5A8E205A8E205A8E20000000 /* imagewidget.h */,
				5A99105A99105A9910000000 /* MedianFilterDialog.h */,
				5A50505A50505A5050000000 /* GADFilterDialog.h */,
			);
			name = "Header Files";
			sourceTree = "<group>";
		};
		5BDA005BDA005BDA00000000 /* Generated */ = {
			isa = PBXGroup;
			children = (
				5A5BA05A5BA05A5BA0000000 /* ui_MedianFilterDialog.h */,
				5A67305A67305A6730000000 /* ui_GADFilterDialog.h */,
				5A72F05A72F05A72F0000000 /* moc_imageviewer.cxx */,
				1042B001042B001042B00000 /* moc_imagewidget.cxx */,
				10436A010436A010436A0000 /* moc_MedianFilterDialog.cxx */,
				104426010442601044260000 /* moc_GADFilterDialog.cxx */,
			);
			name = Generated;
			sourceTree = "<group>";
		};
		5BE3405BE3405BE340000000 /* Resources */ = {
			isa = PBXGroup;
			children = (
				104566010456601045660000 /* MedianFilterDialog.ui */,
				104621010462101046210000 /* GADFilterDialog.ui */,
			);
			name = Resources;
			sourceTree = "<group>";
		};
		5BE8D05BE8D05BE8D0000000 /* CMake Rules */ = {
			isa = PBXGroup;
			children = (
				1046D501046D501046D50000 /* moc_imageviewer.cxx.rule */,
				104794010479401047940000 /* moc_imagewidget.cxx.rule */,
				104847010484701048470000 /* moc_MedianFilterDialog.cxx.rule */,
				10490A010490A010490A0000 /* moc_GADFilterDialog.cxx.rule */,
			);
			name = "CMake Rules";
			sourceTree = "<group>";
		};
/* End PBXGroup section */

/* Begin PBXNativeTarget section */
		104A070104A070104A070000 /* ImageViewer */ = {
			isa = PBXNativeTarget;
			buildConfigurationList = 104BE70104BE70104BE70000 /* Build configuration list for PBXNativeTarget "ImageViewer" */;
			buildPhases = (
				104A2F0104A2F0104A2F0000 /* CMake ReRun */,
				104AEB0104AEB0104AEB0000 /* CMake Rules */,
				1049C201049C201049C20000 /* Sources */,
				104B5E0104B5E0104B5E0000 /* CMake PostBuild Rules */,
			);
			buildRules = (
			);
			dependencies = (
			);
			name = ImageViewer;
			productName = ImageViewer;
			productReference = 106720010672001067200000 /* ImageViewer */;
			productType = "com.apple.product-type.tool";
		};
/* End PBXNativeTarget section */

/* Begin PBXProject section */
		5BEFA05BEFA05BEFA0000000 /* Project object */ = {
			isa = PBXProject;
			attributes = {
				BuildIndependentTargetsInParallel = YES;
				LastUpgradeCheck = 0420;
			};
			buildConfigurationList = 5BF8C05BF8C05BF8C0000000 /* Build configuration list for PBXProject "ImageViewer" */;
			compatibilityVersion = "Xcode 3.2";
			developmentRegion = English;
			hasScannedForEncodings = 0;
			knownRegions = (
				en,
			);
			mainGroup = 5BAE405BAE405BAE40000000;
			projectDirPath = ..;
			projectRoot = "";
			targets = (
				5C15A05C15A05C15A0000000 /* ALL_BUILD */,
				104A070104A070104A070000 /* ImageViewer */,
			);
		};
/* End PBXProject section */

/* Begin PBXShellScriptBuildPhase section */
		104A2F0104A2F0104A2F0000 /* CMake ReRun */ = {
			isa = PBXShellScriptBuildPhase;
			buildActionMask = 2147483647;
			files = (
			);
			name = "CMake ReRun";
			runOnlyForDeploymentPostprocessing = 0;
			shellPath = /bin/sh;
			shellScript = "make -C /Users/zian/Documents/Proyectos/Qt-ITK-VTK-Image-Viewer/build-xcode-3.20 -f /Users/zian/Documents/Proyectos/Qt-ITK-VTK-Image-Viewer/build-xcode-3.20/CMakeScripts/ReRunCMake.make";
		};
		104AEB0104AEB0104AEB0000 /* CMake Rules */ = {
			isa = PBXShellScriptBuildPhase;
			buildActionMask = 2147483647;
			files = (
			);
			name = "CMake Rules";
			runOnlyForDeploymentPostprocessing = 0;
			shellPath = /bin/sh;
			shellScript = "make -C /Users/zian/Documents/Proyectos/Qt-ITK-VTK-Image-Viewer/build-xcode-3.20 -f /Users/zian/Documents/Proyectos/Qt-ITK-VTK-Image-Viewer/build-xcode-3.20/CMakeScripts/ImageViewer_cmakeRulesBuildPhase.make$CONFIGURATION all";
		};
		104B5E0104B5E0104B5E0000 /* CMake PostBuild Rules */ = {
			isa = PBXShellScriptBuildPhase;
			buildActionMask = 2147483647;
			files = (
			);
			name = "CMake PostBuild Rules";
			runOnlyForDeploymentPostprocessing = 0;
			shellPath = /bin/sh;
			shellScript = "make -C /Users/zian/Documents/Proyectos/Qt-ITK-VTK-Image-Viewer/build-xcode-3.20 -f /Users/zian/Documents/Proyectos/Qt-ITK-VTK-Image-Viewer/build-xcode-3.20/CMakeScripts/ImageViewer_postBuildPhase.make$CONFIGURATION all";
		};
		5C18405C18405C1840000000 /* CMake ReRun */ = {
			isa = PBXShellScriptBuildPhase;
			buildActionMask = 2147483647;
			files = (
			);
			name = "CMake ReRun";
			runOnlyForDeploymentPostprocessing = 0;
			shellPath = /bin/sh;
			shellScript = "make -C /Users/zian/Documents/Proyectos/Qt-ITK-VTK-Image-Viewer/build-xcode-3.20 -f /Users/zian/Documents/Proyectos/Qt-ITK-VTK-Image-Viewer/build-xcode-3.20/CMakeScripts/ReRunCMake.make";
		};
		5C1EB05C1EB05C1EB0000000 /* CMake Rules */ = {
			isa = PBXShellScriptBuildPhase;
			buildActionMask = 2147483647;
			files = (
			);
			name = "CMake Rules";
			runOnlyForDeploymentPostprocessing = 0;
			shellPath = /bin/sh;
			shellScript = "make -C /Users/zian/Documents/Proyectos/Qt-ITK-VTK-Image-Viewer/build-xcode-3.20 -f /Users/zian/Documents/Proyectos/Qt-ITK-VTK-Image-Viewer/build-xcode-3.20/CMakeScripts/ALL_BUILD_cmakeRulesBuildPhase.make$CONFIGURATION all";
		};
/* End PBXShellScriptBuildPhase section */

/* Begin PBXSourcesBuildPhase section */
		1049C201049C201049C20000 /* Sources */ = {
			isa = PBXSourcesBuildPhase;
			buildActionMask = 2147483647;
			files = (
				5B5AB05B5AB05B5AB0000000 /* imageviewer.cpp in Sources */,
				5B65C05B65C05B65C0000000 /* imagewidget.cpp in Sources */,
				5AA8805AA8805AA880000000 /* main.cpp in Sources */,
				5AB4505AB4505AB450000000 /* MedianFilterDialog.cpp in Sources */,
				5A7F405A7F405A7F40000000 /* GADFilterDialog.cpp in Sources */,
				5A74705A74705A7470000000 /* moc_imageviewer.cxx in Sources */,
				1042D301042D301042D30000 /* moc_imagewidget.cxx in Sources */,
				10438B010438B010438B0000 /* moc_MedianFilterDialog.cxx in Sources */,
				10444A010444A010444A0000 /* moc_GADFilterDialog.cxx in Sources */,
			);
			runOnlyForDeploymentPostprocessing = 0;
		};
/* End PBXSourcesBuildPhase section */

/* Begin PBXTargetDependency section */
		1067E201067E201067E20000 /* PBXTargetDependency */ = {
			isa = PBXTargetDependency;
			target = 104A070104A070104A070000 /* ImageViewer */;
			targetProxy = 106796010679601067960000 /* PBXContainerItemProxy */;
		};
/* End PBXTargetDependency section */

/* Begin XCBuildConfiguration section */
		104A880104A880104A880000 /* Debug */ = {
			isa = XCBuildConfiguration;
			buildSettings = {
				CONFIGURATION_BUILD_DIR = "/Users/zian/Documents/Proyectos/Qt-ITK-VTK-Image-Viewer/build-xcode-3.20/Debug";
				EXECUTABLE_PREFIX = "";
				EXECUTABLE_SUFFIX = "";
				FRAMEWORK_SEARCH_PATHS = /opt/QtSDK/Desktop/Qt/474/gcc/lib;
				GCC_GENERATE_DEBUGGING_SYMBOLS = YES;
				GCC_INLINES_ARE_PRIVATE_EXTERN = NO;
				GCC_OPTIMIZATION_LEVEL = 0;
				GCC_PREPROCESSOR_DEFINITIONS = (
					"'CMAKE_INTDIR=\"$(CONFIGURATION)\"'",
					QT_GUI_LIB,
					QT_CORE_LIB,
					QT_DEBUG,
				);
				GCC_SYMBOLS_PRIVATE_EXTERN = NO;
				HEADER_SEARCH_PATHS = (
					"/opt/kitware/InsightToolkit-3.20.1/Utilities/gdcm/src",
					"/opt/kitware/InsightToolkit-build/Utilities/gdcm",
					"/opt/kitware/InsightToolkit-build/Utilities/vxl/core",
					"/opt/kitware/InsightToolkit-build/Utilities/vxl/vcl",
					"/opt/kitware/InsightToolkit-build/Utilities/vxl/v3p/netlib",
					"/opt/kitware/InsightToolkit-3.20.1/Utilities/vxl/core",
					"/opt/kitware/InsightToolkit-3.20.1/Utilities/vxl/vcl",
					"/opt/kitware/InsightToolkit-3.20.1/Utilities/vxl/v3p/netlib",
					"/opt/kitware/InsightToolkit-3.20.1/Code/Numerics/Statistics",
					"/opt/kitware/InsightToolkit-3.20.1/Utilities",
					"/opt/kitware/InsightToolkit-build/Utilities",
					"/opt/kitware/InsightToolkit-3.20.1/Utilities/itkExtHdrs",
					"/opt/kitware/InsightToolkit-3.20.1/Utilities/nifti/znzlib",
					"/opt/kitware/InsightToolkit-3.20.1/Utilities/nifti/niftilib",
					"/opt/kitware/InsightToolkit-3.20.1/Utilities/expat",
					"/opt/kitware/InsightToolkit-build/Utilities/expat",
					"/opt/kitware/InsightToolkit-build/Utilities/DICOMParser",
					"/opt/kitware/InsightToolkit-3.20.1/Utilities/DICOMParser",
					"/opt/kitware/InsightToolkit-build/Utilities/NrrdIO",
					"/opt/kitware/InsightToolkit-3.20.1/Utilities/NrrdIO",
					"/opt/kitware/InsightToolkit-3.20.1/Utilities/MetaIO",
					"/opt/kitware/InsightToolkit-3.20.1/Code/SpatialObject",
					"/opt/kitware/InsightToolkit-3.20.1/Code/Numerics/NeuralNetworks",
					"/opt/kitware/InsightToolkit-3.20.1/Code/Numerics/FEM",
					"/opt/kitware/InsightToolkit-3.20.1/Code/IO",
					"/opt/kitware/InsightToolkit-3.20.1/Code/Numerics",
					"/opt/kitware/InsightToolkit-3.20.1/Code/Common",
					"/opt/kitware/InsightToolkit-3.20.1/Code/BasicFilters",
					"/opt/kitware/InsightToolkit-3.20.1/Code/Algorithms",
					"/opt/kitware/InsightToolkit-build",
					"/opt/kitware/VTK-build",
					"/opt/kitware/VTK-build/Common",
					"/opt/kitware/VTK-build/Utilities",
					"/opt/kitware/VTK-build/VolumeRendering",
					"/opt/kitware/VTK-build/Rendering",
					"/opt/kitware/VTK-build/Charts",
					"/opt/kitware/VTK-build/Utilities/vtkalglib",
					/opt/kitware/VTK/Infovis,
					/opt/kitware/VTK/Geovis,
					/opt/kitware/VTK/Views,
					/opt/kitware/VTK/VolumeRendering,
					/opt/kitware/VTK/Hybrid,
					/opt/kitware/VTK/Widgets,
					/opt/kitware/VTK/Rendering,
					/opt/kitware/VTK/Charts,
					/opt/kitware/VTK/Rendering/Testing/Cxx,
					/opt/kitware/VTK/IO,
					/opt/kitware/VTK/Imaging,
					/opt/kitware/VTK/Graphics,
					/opt/kitware/VTK/GenericFiltering,
					/opt/kitware/VTK/Filtering,
					/opt/kitware/VTK/Common,
					/opt/kitware/VTK/Utilities,
					/opt/kitware/VTK/Common/Testing/Cxx,
					"/opt/kitware/VTK-build/Utilities/vtklibproj4",
					/opt/kitware/VTK/Utilities/vtklibproj4,
					"/opt/kitware/VTK-build/Utilities/DICOMParser",
					/opt/kitware/VTK/Utilities/DICOMParser,
					"/opt/kitware/VTK-build/Utilities/vtkfreetype/include",
					/opt/kitware/VTK/Utilities/vtkfreetype/include,
					"/opt/kitware/VTK-build/Utilities/vtknetcdf",
					/opt/kitware/VTK/Utilities/vtknetcdf,
					"/opt/kitware/VTK-build/Utilities/vtkexodus2/include",
					/opt/kitware/VTK/Utilities/vtkexodus2/include,
					"/opt/kitware/VTK-build/Utilities/MaterialLibrary",
					/opt/kitware/VTK/Utilities/MaterialLibrary,
					"/opt/kitware/VTK-build/Utilities/verdict",
					/opt/kitware/VTK/Utilities/verdict,
					/opt/kitware/VTK/Utilities/utf8/source,
					/opt/kitware/VTK/GUISupport/Qt,
					"/opt/kitware/VTK-build/GUISupport/Qt",
					/opt/kitware/VTK/GUISupport/Qt/Chart,
					"/opt/kitware/VTK-build/GUISupport/Qt/Chart",
					/opt/kitware/VTK/Utilities/vtkalglib,
					/opt/QtSDK/Desktop/Qt/474/gcc/include,
					/opt/QtSDK/Desktop/Qt/474/gcc/include/QtGui,
					/opt/QtSDK/Desktop/Qt/474/gcc/include/QtCore,
					"/Users/zian/Documents/Proyectos/Qt-ITK-VTK-Image-Viewer/build-xcode-3.20",
					"/Users/zian/Documents/Proyectos/Qt-ITK-VTK-Image-Viewer",
				);
				INSTALL_PATH = "";
				LIBRARY_SEARCH_PATHS = (
					"/opt/kitware/InsightToolkit-build/bin/$(CONFIGURATION)",
					"/opt/kitware/InsightToolkit-build/bin",
					"/opt/kitware/VTK-build/bin/$(CONFIGURATION)",
					"/opt/kitware/VTK-build/bin",
				);
				OTHER_CFLAGS = (
					"-Wall",
					"-Wno-uninitialized",
					"-Wno-unused-parameter",
					"-no-cpp-precomp",
					"-no-cpp-precomp",
				);
				OTHER_CPLUSPLUSFLAGS = (
					"-ftemplate-depth-50",
					"-Wall",
					"-Wno-deprecated",
					"-no-cpp-precomp",
					"-msse2",
					"-Wno-deprecated",
					"-no-cpp-precomp",
				);
				OTHER_LDFLAGS = (
					"-Wl,-search_paths_first",
					"-Wl,-headerpad_max_install_names",
					"-lQVTK",
					"-lITKAlgorithms",
					"-lITKStatistics",
					"-lITKFEM",
					"-lvtkQtChart",
					"-framework",
					QtWebKit,
					"-framework",
					phonon,
					"-framework",
					QtXmlPatterns,
					"-framework",
					QtNetwork,
					"-lvtkViews",
					"-lvtkInfovis",
					"-lvtkWidgets",
					"-lvtkHybrid",
					"-lvtkRendering",
					"-framework",
					QtGui,
					"-framework",
					QtSql,
					"-framework",
					QtCore,
					"-lvtkGraphics",
					"-lvtkverdict",
					"-lvtkImaging",
					"-lobjc",
					"-framework",
					Cocoa,
					"-framework",
					ApplicationServices,
					"-framework",
					IOKit,
					"-lvtkIO",
					"-lvtkFiltering",
					"-lvtkCommon",
					"-lvtkDICOMParser",
					"-lvtkNetCDF_cxx",
					"-lvtkmetaio",
					"-lvtksqlite",
					"-lvtkpng",
					"-lvtktiff",
					"-lvtkjpeg",
					"-lvtkexpat",
					"-lvtksys",
					"-lvtkftgl",
					"-lvtkfreetype",
					"-framework",
					ApplicationServices,
					"-framework",
					CoreServices,
					"-framework",
					OpenGL,
					"-lvtkexoIIc",
					"-lvtkNetCDF",
					"-lvtklibxml2",
					"-lvtkzlib",
					"-ldl",
					"-lvtkalglib",
					"-litkNetlibSlatec",
					"-lITKNumerics",
					"-lITKBasicFilters",
					"-lITKIO",
					"-lITKNrrdIO",
					"-litkgdcm",
					"-litkjpeg12",
					"-litkjpeg16",
					"-litkopenjpeg",
					"-framework",
					System,
					"-litkpng",
					"-litktiff",
					"-litkjpeg8",
					"-lITKSpatialObject",
					"-lITKCommon",
					"-lpthread",
					"-litkvnl_inst",
					"-litkvnl_algo",
					"-litkv3p_netlib",
					"-litkvnl",
					"-litkvcl",
					"-litkv3p_lsqr",
					"-lm",
					"-lITKMetaIO",
					"-litksys",
					"-lITKDICOMParser",
					"-lITKEXPAT",
					"-lITKniftiio",
					"-lITKznz",
					"-litkzlib",
					"-lm",
				);
				OTHER_REZFLAGS = "";
				PRODUCT_NAME = ImageViewer;
				SECTORDER_FLAGS = "";
				SYMROOT = "/Users/zian/Documents/Proyectos/Qt-ITK-VTK-Image-Viewer/build-xcode-3.20";
				USE_HEADERMAP = NO;
				WARNING_CFLAGS = (
					"-Wmost",
					"-Wno-four-char-constants",
					"-Wno-unknown-pragmas",
				);
			};
			name = Debug;
		};
		104C310104C310104C310000 /* Release */ = {
			isa = XCBuildConfiguration;
			buildSettings = {
				CONFIGURATION_BUILD_DIR = "/Users/zian/Documents/Proyectos/Qt-ITK-VTK-Image-Viewer/build-xcode-3.20/Release";
				EXECUTABLE_PREFIX = "";
				EXECUTABLE_SUFFIX = "";
				FRAMEWORK_SEARCH_PATHS = /opt/QtSDK/Desktop/Qt/474/gcc/lib;
				GCC_GENERATE_DEBUGGING_SYMBOLS = NO;
				GCC_INLINES_ARE_PRIVATE_EXTERN = NO;
				GCC_OPTIMIZATION_LEVEL = 3;
				GCC_PREPROCESSOR_DEFINITIONS = (
					"'CMAKE_INTDIR=\"$(CONFIGURATION)\"'",
					QT_GUI_LIB,
					QT_CORE_LIB,
					QT_NO_DEBUG,
				);
				GCC_SYMBOLS_PRIVATE_EXTERN = NO;
				HEADER_SEARCH_PATHS = (
					"/opt/kitware/InsightToolkit-3.20.1/Utilities/gdcm/src",
					"/opt/kitware/InsightToolkit-build/Utilities/gdcm",
					"/opt/kitware/InsightToolkit-build/Utilities/vxl/core",
					"/opt/kitware/InsightToolkit-build/Utilities/vxl/vcl",
					"/opt/kitware/InsightToolkit-build/Utilities/vxl/v3p/netlib",
					"/opt/kitware/InsightToolkit-3.20.1/Utilities/vxl/core",
					"/opt/kitware/InsightToolkit-3.20.1/Utilities/vxl/vcl",
					"/opt/kitware/InsightToolkit-3.20.1/Utilities/vxl/v3p/netlib",
					"/opt/kitware/InsightToolkit-3.20.1/Code/Numerics/Statistics",
					"/opt/kitware/InsightToolkit-3.20.1/Utilities",
					"/opt/kitware/InsightToolkit-build/Utilities",
					"/opt/kitware/InsightToolkit-3.20.1/Utilities/itkExtHdrs",
					"/opt/kitware/InsightToolkit-3.20.1/Utilities/nifti/znzlib",
					"/opt/kitware/InsightToolkit-3.20.1/Utilities/nifti/niftilib",
					"/opt/kitware/InsightToolkit-3.20.1/Utilities/expat",
					"/opt/kitware/InsightToolkit-build/Utilities/expat",
					"/opt/kitware/InsightToolkit-build/Utilities/DICOMParser",
					"/opt/kitware/InsightToolkit-3.20.1/Utilities/DICOMParser",
					"/opt/kitware/InsightToolkit-build/Utilities/NrrdIO",
					"/opt/kitware/InsightToolkit-3.20.1/Utilities/NrrdIO",
					"/opt/kitware/InsightToolkit-3.20.1/Utilities/MetaIO",
					"/opt/kitware/InsightToolkit-3.20.1/Code/SpatialObject",
					"/opt/kitware/InsightToolkit-3.20.1/Code/Numerics/NeuralNetworks",
					"/opt/kitware/InsightToolkit-3.20.1/Code/Numerics/FEM",
					"/opt/kitware/InsightToolkit-3.20.1/Code/IO",
					"/opt/kitware/InsightToolkit-3.20.1/Code/Numerics",
					"/opt/kitware/InsightToolkit-3.20.1/Code/Common",
					"/opt/kitware/InsightToolkit-3.20.1/Code/BasicFilters",
					"/opt/kitware/InsightToolkit-3.20.1/Code/Algorithms",
					"/opt/kitware/InsightToolkit-build",
					"/opt/kitware/VTK-build",
					"/opt/kitware/VTK-build/Common",
					"/opt/kitware/VTK-build/Utilities",
					"/opt/kitware/VTK-build/VolumeRendering",
					"/opt/kitware/VTK-build/Rendering",
					"/opt/kitware/VTK-build/Charts",
					"/opt/kitware/VTK-build/Utilities/vtkalglib",
					/opt/kitware/VTK/Infovis,
					/opt/kitware/VTK/Geovis,
					/opt/kitware/VTK/Views,
					/opt/kitware/VTK/VolumeRendering,
					/opt/kitware/VTK/Hybrid,
					/opt/kitware/VTK/Widgets,
					/opt/kitware/VTK/Rendering,
					/opt/kitware/VTK/Charts,
					/opt/kitware/VTK/Rendering/Testing/Cxx,
					/opt/kitware/VTK/IO,
					/opt/kitware/VTK/Imaging,
					/opt/kitware/VTK/Graphics,
					/opt/kitware/VTK/GenericFiltering,
					/opt/kitware/VTK/Filtering,
					/opt/kitware/VTK/Common,
					/opt/kitware/VTK/Utilities,
					/opt/kitware/VTK/Common/Testing/Cxx,
					"/opt/kitware/VTK-build/Utilities/vtklibproj4",
					/opt/kitware/VTK/Utilities/vtklibproj4,
					"/opt/kitware/VTK-build/Utilities/DICOMParser",
					/opt/kitware/VTK/Utilities/DICOMParser,
					"/opt/kitware/VTK-build/Utilities/vtkfreetype/include",
					/opt/kitware/VTK/Utilities/vtkfreetype/include,
					"/opt/kitware/VTK-build/Utilities/vtknetcdf",
					/opt/kitware/VTK/Utilities/vtknetcdf,
					"/opt/kitware/VTK-build/Utilities/vtkexodus2/include",
					/opt/kitware/VTK/Utilities/vtkexodus2/include,
					"/opt/kitware/VTK-build/Utilities/MaterialLibrary",
					/opt/kitware/VTK/Utilities/MaterialLibrary,
					"/opt/kitware/VTK-build/Utilities/verdict",
					/opt/kitware/VTK/Utilities/verdict,
					/opt/kitware/VTK/Utilities/utf8/source,
					/opt/kitware/VTK/GUISupport/Qt,
					"/opt/kitware/VTK-build/GUISupport/Qt",
					/opt/kitware/VTK/GUISupport/Qt/Chart,
					"/opt/kitware/VTK-build/GUISupport/Qt/Chart",
					/opt/kitware/VTK/Utilities/vtkalglib,
					/opt/QtSDK/Desktop/Qt/474/gcc/include,
					/opt/QtSDK/Desktop/Qt/474/gcc/include/QtGui,
					/opt/QtSDK/Desktop/Qt/474/gcc/include/QtCore,
					"/Users/zian/Documents/Proyectos/Qt-ITK-VTK-Image-Viewer/build-xcode-3.20",
					"/Users/zian/Documents/Proyectos/Qt-ITK-VTK-Image-Viewer",
				);
				INSTALL_PATH = "";
				LIBRARY_SEARCH_PATHS = (
					"/opt/kitware/InsightToolkit-build/bin/$(CONFIGURATION)",
					"/opt/kitware/InsightToolkit-build/bin",
					"/opt/kitware/VTK-build/bin/$(CONFIGURATION)",
					"/opt/kitware/VTK-build/bin",
				);
				OTHER_CFLAGS = (
					"-Wall",
					"-Wno-uninitialized",
					"-Wno-unused-parameter",
					"-no-cpp-precomp",
					"-no-cpp-precomp",
					"-DNDEBUG",
				);
				OTHER_CPLUSPLUSFLAGS = (
					"-ftemplate-depth-50",
					"-Wall",
					"-Wno-deprecated",
					"-no-cpp-precomp",
					"-msse2",
					"-Wno-deprecated",
					"-no-cpp-precomp",
					"-DNDEBUG",
				);
				OTHER_LDFLAGS = (
					"-Wl,-search_paths_first",
					"-Wl,-headerpad_max_install_names",
					"-lQVTK",
					"-lITKAlgorithms",
					"-lITKStatistics",
					"-lITKFEM",
					"-lvtkQtChart",
					"-framework",
					QtWebKit,
					"-framework",
					phonon,
					"-framework",
					QtXmlPatterns,
					"-framework",
					QtNetwork,
					"-lvtkViews",
					"-lvtkInfovis",
					"-lvtkWidgets",
					"-lvtkHybrid",
					"-lvtkRendering",
					"-framework",
					QtGui,
					"-framework",
					QtSql,
					"-framework",
					QtCore,
					"-lvtkGraphics",
					"-lvtkverdict",
					"-lvtkImaging",
					"-lobjc",
					"-framework",
					Cocoa,
					"-framework",
					ApplicationServices,
					"-framework",
					IOKit,
					"-lvtkIO",
					"-lvtkFiltering",
					"-lvtkCommon",
					"-lvtkDICOMParser",
					"-lvtkNetCDF_cxx",
					"-lvtkmetaio",
					"-lvtksqlite",
					"-lvtkpng",
					"-lvtktiff",
					"-lvtkjpeg",
					"-lvtkexpat",
					"-lvtksys",
					"-lvtkftgl",
					"-lvtkfreetype",
					"-framework",
					ApplicationServices,
					"-framework",
					CoreServices,
					"-framework",
					OpenGL,
					"-lvtkexoIIc",
					"-lvtkNetCDF",
					"-lvtklibxml2",
					"-lvtkzlib",
					"-ldl",
					"-lvtkalglib",
					"-litkNetlibSlatec",
					"-lITKNumerics",
					"-lITKBasicFilters",
					"-lITKIO",
					"-lITKNrrdIO",
					"-litkgdcm",
					"-litkjpeg12",
					"-litkjpeg16",
					"-litkopenjpeg",
					"-framework",
					System,
					"-litkpng",
					"-litktiff",
					"-litkjpeg8",
					"-lITKSpatialObject",
					"-lITKCommon",
					"-lpthread",
					"-litkvnl_inst",
					"-litkvnl_algo",
					"-litkv3p_netlib",
					"-litkvnl",
					"-litkvcl",
					"-litkv3p_lsqr",
					"-lm",
					"-lITKMetaIO",
					"-litksys",
					"-lITKDICOMParser",
					"-lITKEXPAT",
					"-lITKniftiio",
					"-lITKznz",
					"-litkzlib",
					"-lm",
				);
				OTHER_REZFLAGS = "";
				PRODUCT_NAME = ImageViewer;
				SECTORDER_FLAGS = "";
				SYMROOT = "/Users/zian/Documents/Proyectos/Qt-ITK-VTK-Image-Viewer/build-xcode-3.20";
				USE_HEADERMAP = NO;
				WARNING_CFLAGS = (
					"-Wmost",
					"-Wno-four-char-constants",
					"-Wno-unknown-pragmas",
				);
			};
			name = Release;
		};
		1052D901052D901052D90000 /* MinSizeRel */ = {
			isa = XCBuildConfiguration;
			buildSettings = {
				CONFIGURATION_BUILD_DIR = "/Users/zian/Documents/Proyectos/Qt-ITK-VTK-Image-Viewer/build-xcode-3.20/MinSizeRel";
				EXECUTABLE_PREFIX = "";
				EXECUTABLE_SUFFIX = "";
				FRAMEWORK_SEARCH_PATHS = /opt/QtSDK/Desktop/Qt/474/gcc/lib;
				GCC_GENERATE_DEBUGGING_SYMBOLS = NO;
				GCC_INLINES_ARE_PRIVATE_EXTERN = NO;
				GCC_OPTIMIZATION_LEVEL = s;
				GCC_PREPROCESSOR_DEFINITIONS = (
					"'CMAKE_INTDIR=\"$(CONFIGURATION)\"'",
					QT_GUI_LIB,
					QT_CORE_LIB,
					QT_NO_DEBUG,
				);
				GCC_SYMBOLS_PRIVATE_EXTERN = NO;
				HEADER_SEARCH_PATHS = (
					"/opt/kitware/InsightToolkit-3.20.1/Utilities/gdcm/src",
					"/opt/kitware/InsightToolkit-build/Utilities/gdcm",
					"/opt/kitware/InsightToolkit-build/Utilities/vxl/core",
					"/opt/kitware/InsightToolkit-build/Utilities/vxl/vcl",
					"/opt/kitware/InsightToolkit-build/Utilities/vxl/v3p/netlib",
					"/opt/kitware/InsightToolkit-3.20.1/Utilities/vxl/core",
					"/opt/kitware/InsightToolkit-3.20.1/Utilities/vxl/vcl",
					"/opt/kitware/InsightToolkit-3.20.1/Utilities/vxl/v3p/netlib",
					"/opt/kitware/InsightToolkit-3.20.1/Code/Numerics/Statistics",
					"/opt/kitware/InsightToolkit-3.20.1/Utilities",
					"/opt/kitware/InsightToolkit-build/Utilities",
					"/opt/kitware/InsightToolkit-3.20.1/Utilities/itkExtHdrs",
					"/opt/kitware/InsightToolkit-3.20.1/Utilities/nifti/znzlib",
					"/opt/kitware/InsightToolkit-3.20.1/Utilities/nifti/niftilib",
					"/opt/kitware/InsightToolkit-3.20.1/Utilities/expat",
					"/opt/kitware/InsightToolkit-build/Utilities/expat",
					"/opt/kitware/InsightToolkit-build/Utilities/DICOMParser",
					"/opt/kitware/InsightToolkit-3.20.1/Utilities/DICOMParser",
					"/opt/kitware/InsightToolkit-build/Utilities/NrrdIO",
					"/opt/kitware/InsightToolkit-3.20.1/Utilities/NrrdIO",
					"/opt/kitware/InsightToolkit-3.20.1/Utilities/MetaIO",
					"/opt/kitware/InsightToolkit-3.20.1/Code/SpatialObject",
					"/opt/kitware/InsightToolkit-3.20.1/Code/Numerics/NeuralNetworks",
					"/opt/kitware/InsightToolkit-3.20.1/Code/Numerics/FEM",
					"/opt/kitware/InsightToolkit-3.20.1/Code/IO",
					"/opt/kitware/InsightToolkit-3.20.1/Code/Numerics",
					"/opt/kitware/InsightToolkit-3.20.1/Code/Common",
					"/opt/kitware/InsightToolkit-3.20.1/Code/BasicFilters",
					"/opt/kitware/InsightToolkit-3.20.1/Code/Algorithms",
					"/opt/kitware/InsightToolkit-build",
					"/opt/kitware/VTK-build",
					"/opt/kitware/VTK-build/Common",
					"/opt/kitware/VTK-build/Utilities",
					"/opt/kitware/VTK-build/VolumeRendering",
					"/opt/kitware/VTK-build/Rendering",
					"/opt/kitware/VTK-build/Charts",
					"/opt/kitware/VTK-build/Utilities/vtkalglib",
					/opt/kitware/VTK/Infovis,
					/opt/kitware/VTK/Geovis,
					/opt/kitware/VTK/Views,
					/opt/kitware/VTK/VolumeRendering,
					/opt/kitware/VTK/Hybrid,
					/opt/kitware/VTK/Widgets,
					/opt/kitware/VTK/Rendering,
					/opt/kitware/VTK/Charts,
					/opt/kitware/VTK/Rendering/Testing/Cxx,
					/opt/kitware/VTK/IO,
					/opt/kitware/VTK/Imaging,
					/opt/kitware/VTK/Graphics,
					/opt/kitware/VTK/GenericFiltering,
					/opt/kitware/VTK/Filtering,
					/opt/kitware/VTK/Common,
					/opt/kitware/VTK/Utilities,
					/opt/kitware/VTK/Common/Testing/Cxx,
					"/opt/kitware/VTK-build/Utilities/vtklibproj4",
					/opt/kitware/VTK/Utilities/vtklibproj4,
					"/opt/kitware/VTK-build/Utilities/DICOMParser",
					/opt/kitware/VTK/Utilities/DICOMParser,
					"/opt/kitware/VTK-build/Utilities/vtkfreetype/include",
					/opt/kitware/VTK/Utilities/vtkfreetype/include,
					"/opt/kitware/VTK-build/Utilities/vtknetcdf",
					/opt/kitware/VTK/Utilities/vtknetcdf,
					"/opt/kitware/VTK-build/Utilities/vtkexodus2/include",
					/opt/kitware/VTK/Utilities/vtkexodus2/include,
					"/opt/kitware/VTK-build/Utilities/MaterialLibrary",
					/opt/kitware/VTK/Utilities/MaterialLibrary,
					"/opt/kitware/VTK-build/Utilities/verdict",
					/opt/kitware/VTK/Utilities/verdict,
					/opt/kitware/VTK/Utilities/utf8/source,
					/opt/kitware/VTK/GUISupport/Qt,
					"/opt/kitware/VTK-build/GUISupport/Qt",
					/opt/kitware/VTK/GUISupport/Qt/Chart,
					"/opt/kitware/VTK-build/GUISupport/Qt/Chart",
					/opt/kitware/VTK/Utilities/vtkalglib,
					/opt/QtSDK/Desktop/Qt/474/gcc/include,
					/opt/QtSDK/Desktop/Qt/474/gcc/include/QtGui,
					/opt/QtSDK/Desktop/Qt/474/gcc/include/QtCore,
					"/Users/zian/Documents/Proyectos/Qt-ITK-VTK-Image-Viewer/build-xcode-3.20",
					"/Users/zian/Documents/Proyectos/Qt-ITK-VTK-Image-Viewer",
				);
				INSTALL_PATH = "";
				LIBRARY_SEARCH_PATHS = (
					"/opt/kitware/InsightToolkit-build/bin/$(CONFIGURATION)",
					"/opt/kitware/InsightToolkit-build/bin",
					"/opt/kitware/VTK-build/bin/$(CONFIGURATION)",
					"/opt/kitware/VTK-build/bin",
				);
				OTHER_CFLAGS = (
					"-Wall",
					"-Wno-uninitialized",
					"-Wno-unused-parameter",
					"-no-cpp-precomp",
					"-no-cpp-precomp",
					"-DNDEBUG",
				);
				OTHER_CPLUSPLUSFLAGS = (
					"-ftemplate-depth-50",
					"-Wall",
					"-Wno-deprecated",
					"-no-cpp-precomp",
					"-msse2",
					"-Wno-deprecated",
					"-no-cpp-precomp",
					"-DNDEBUG",
				);
				OTHER_LDFLAGS = (
					"-Wl,-search_paths_first",
					"-Wl,-headerpad_max_install_names",
					"-lQVTK",
					"-lITKAlgorithms",
					"-lITKStatistics",
					"-lITKFEM",
					"-lvtkQtChart",
					"-framework",
					QtWebKit,
					"-framework",
					phonon,
					"-framework",
					QtXmlPatterns,
					"-framework",
					QtNetwork,
					"-lvtkViews",
					"-lvtkInfovis",
					"-lvtkWidgets",
					"-lvtkHybrid",
					"-lvtkRendering",
					"-framework",
					QtGui,
					"-framework",
					QtSql,
					"-framework",
					QtCore,
					"-lvtkGraphics",
					"-lvtkverdict",
					"-lvtkImaging",
					"-lobjc",
					"-framework",
					Cocoa,
					"-framework",
					ApplicationServices,
					"-framework",
					IOKit,
					"-lvtkIO",
					"-lvtkFiltering",
					"-lvtkCommon",
					"-lvtkDICOMParser",
					"-lvtkNetCDF_cxx",
					"-lvtkmetaio",
					"-lvtksqlite",
					"-lvtkpng",
					"-lvtktiff",
					"-lvtkjpeg",
					"-lvtkexpat",
					"-lvtksys",
					"-lvtkftgl",
					"-lvtkfreetype",
					"-framework",
					ApplicationServices,
					"-framework",
					CoreServices,
					"-framework",
					OpenGL,
					"-lvtkexoIIc",
					"-lvtkNetCDF",
					"-lvtklibxml2",
					"-lvtkzlib",
					"-ldl",
					"-lvtkalglib",
					"-litkNetlibSlatec",
					"-lITKNumerics",
					"-lITKBasicFilters",
					"-lITKIO",
					"-lITKNrrdIO",
					"-litkgdcm",
					"-litkjpeg12",
					"-litkjpeg16",
					"-litkopenjpeg",
					"-framework",
					System,
					"-litkpng",
					"-litktiff",
					"-litkjpeg8",
					"-lITKSpatialObject",
					"-lITKCommon",
					"-lpthread",
					"-litkvnl_inst",
					"-litkvnl_algo",
					"-litkv3p_netlib",
					"-litkvnl",
					"-litkvcl",
					"-litkv3p_lsqr",
					"-lm",
					"-lITKMetaIO",
					"-litksys",
					"-lITKDICOMParser",
					"-lITKEXPAT",
					"-lITKniftiio",
					"-lITKznz",
					"-litkzlib",
					"-lm",
				);
				OTHER_REZFLAGS = "";
				PRODUCT_NAME = ImageViewer;
				SECTORDER_FLAGS = "";
				SYMROOT = "/Users/zian/Documents/Proyectos/Qt-ITK-VTK-Image-Viewer/build-xcode-3.20";
				USE_HEADERMAP = NO;
				WARNING_CFLAGS = (
					"-Wmost",
					"-Wno-four-char-constants",
					"-Wno-unknown-pragmas",
				);
			};
			name = MinSizeRel;
		};
		105994010599401059940000 /* RelWithDebInfo */ = {
			isa = XCBuildConfiguration;
			buildSettings = {
				CONFIGURATION_BUILD_DIR = "/Users/zian/Documents/Proyectos/Qt-ITK-VTK-Image-Viewer/build-xcode-3.20/RelWithDebInfo";
				EXECUTABLE_PREFIX = "";
				EXECUTABLE_SUFFIX = "";
				FRAMEWORK_SEARCH_PATHS = /opt/QtSDK/Desktop/Qt/474/gcc/lib;
				GCC_GENERATE_DEBUGGING_SYMBOLS = YES;
				GCC_INLINES_ARE_PRIVATE_EXTERN = NO;
				GCC_OPTIMIZATION_LEVEL = 2;
				GCC_PREPROCESSOR_DEFINITIONS = (
					"'CMAKE_INTDIR=\"$(CONFIGURATION)\"'",
					QT_GUI_LIB,
					QT_CORE_LIB,
					QT_NO_DEBUG,
				);
				GCC_SYMBOLS_PRIVATE_EXTERN = NO;
				HEADER_SEARCH_PATHS = (
					"/opt/kitware/InsightToolkit-3.20.1/Utilities/gdcm/src",
					"/opt/kitware/InsightToolkit-build/Utilities/gdcm",
					"/opt/kitware/InsightToolkit-build/Utilities/vxl/core",
					"/opt/kitware/InsightToolkit-build/Utilities/vxl/vcl",
					"/opt/kitware/InsightToolkit-build/Utilities/vxl/v3p/netlib",
					"/opt/kitware/InsightToolkit-3.20.1/Utilities/vxl/core",
					"/opt/kitware/InsightToolkit-3.20.1/Utilities/vxl/vcl",
					"/opt/kitware/InsightToolkit-3.20.1/Utilities/vxl/v3p/netlib",
					"/opt/kitware/InsightToolkit-3.20.1/Code/Numerics/Statistics",
					"/opt/kitware/InsightToolkit-3.20.1/Utilities",
					"/opt/kitware/InsightToolkit-build/Utilities",
					"/opt/kitware/InsightToolkit-3.20.1/Utilities/itkExtHdrs",
					"/opt/kitware/InsightToolkit-3.20.1/Utilities/nifti/znzlib",
					"/opt/kitware/InsightToolkit-3.20.1/Utilities/nifti/niftilib",
					"/opt/kitware/InsightToolkit-3.20.1/Utilities/expat",
					"/opt/kitware/InsightToolkit-build/Utilities/expat",
					"/opt/kitware/InsightToolkit-build/Utilities/DICOMParser",
					"/opt/kitware/InsightToolkit-3.20.1/Utilities/DICOMParser",
					"/opt/kitware/InsightToolkit-build/Utilities/NrrdIO",
					"/opt/kitware/InsightToolkit-3.20.1/Utilities/NrrdIO",
					"/opt/kitware/InsightToolkit-3.20.1/Utilities/MetaIO",
					"/opt/kitware/InsightToolkit-3.20.1/Code/SpatialObject",
					"/opt/kitware/InsightToolkit-3.20.1/Code/Numerics/NeuralNetworks",
					"/opt/kitware/InsightToolkit-3.20.1/Code/Numerics/FEM",
					"/opt/kitware/InsightToolkit-3.20.1/Code/IO",
					"/opt/kitware/InsightToolkit-3.20.1/Code/Numerics",
					"/opt/kitware/InsightToolkit-3.20.1/Code/Common",
					"/opt/kitware/InsightToolkit-3.20.1/Code/BasicFilters",
					"/opt/kitware/InsightToolkit-3.20.1/Code/Algorithms",
					"/opt/kitware/InsightToolkit-build",
					"/opt/kitware/VTK-build",
					"/opt/kitware/VTK-build/Common",
					"/opt/kitware/VTK-build/Utilities",
					"/opt/kitware/VTK-build/VolumeRendering",
					"/opt/kitware/VTK-build/Rendering",
					"/opt/kitware/VTK-build/Charts",
					"/opt/kitware/VTK-build/Utilities/vtkalglib",
					/opt/kitware/VTK/Infovis,
					/opt/kitware/VTK/Geovis,
					/opt/kitware/VTK/Views,
					/opt/kitware/VTK/VolumeRendering,
					/opt/kitware/VTK/Hybrid,
					/opt/kitware/VTK/Widgets,
					/opt/kitware/VTK/Rendering,
					/opt/kitware/VTK/Charts,
					/opt/kitware/VTK/Rendering/Testing/Cxx,
					/opt/kitware/VTK/IO,
					/opt/kitware/VTK/Imaging,
					/opt/kitware/VTK/Graphics,
					/opt/kitware/VTK/GenericFiltering,
					/opt/kitware/VTK/Filtering,
					/opt/kitware/VTK/Common,
					/opt/kitware/VTK/Utilities,
					/opt/kitware/VTK/Common/Testing/Cxx,
					"/opt/kitware/VTK-build/Utilities/vtklibproj4",
					/opt/kitware/VTK/Utilities/vtklibproj4,
					"/opt/kitware/VTK-build/Utilities/DICOMParser",
					/opt/kitware/VTK/Utilities/DICOMParser,
					"/opt/kitware/VTK-build/Utilities/vtkfreetype/include",
					/opt/kitware/VTK/Utilities/vtkfreetype/include,
					"/opt/kitware/VTK-build/Utilities/vtknetcdf",
					/opt/kitware/VTK/Utilities/vtknetcdf,
					"/opt/kitware/VTK-build/Utilities/vtkexodus2/include",
					/opt/kitware/VTK/Utilities/vtkexodus2/include,
					"/opt/kitware/VTK-build/Utilities/MaterialLibrary",
					/opt/kitware/VTK/Utilities/MaterialLibrary,
					"/opt/kitware/VTK-build/Utilities/verdict",
					/opt/kitware/VTK/Utilities/verdict,
					/opt/kitware/VTK/Utilities/utf8/source,
					/opt/kitware/VTK/GUISupport/Qt,
					"/opt/kitware/VTK-build/GUISupport/Qt",
					/opt/kitware/VTK/GUISupport/Qt/Chart,
					"/opt/kitware/VTK-build/GUISupport/Qt/Chart",
					/opt/kitware/VTK/Utilities/vtkalglib,
					/opt/QtSDK/Desktop/Qt/474/gcc/include,
					/opt/QtSDK/Desktop/Qt/474/gcc/include/QtGui,
					/opt/QtSDK/Desktop/Qt/474/gcc/include/QtCore,
					"/Users/zian/Documents/Proyectos/Qt-ITK-VTK-Image-Viewer/build-xcode-3.20",
					"/Users/zian/Documents/Proyectos/Qt-ITK-VTK-Image-Viewer",
				);
				INSTALL_PATH = "";
				LIBRARY_SEARCH_PATHS = (
					"/opt/kitware/InsightToolkit-build/bin/$(CONFIGURATION)",
					"/opt/kitware/InsightToolkit-build/bin",
					"/opt/kitware/VTK-build/bin/$(CONFIGURATION)",
					"/opt/kitware/VTK-build/bin",
				);
				OTHER_CFLAGS = (
					"-Wall",
					"-Wno-uninitialized",
					"-Wno-unused-parameter",
					"-no-cpp-precomp",
					"-no-cpp-precomp",
				);
				OTHER_CPLUSPLUSFLAGS = (
					"-ftemplate-depth-50",
					"-Wall",
					"-Wno-deprecated",
					"-no-cpp-precomp",
					"-msse2",
					"-Wno-deprecated",
					"-no-cpp-precomp",
				);
				OTHER_LDFLAGS = (
					"-Wl,-search_paths_first",
					"-Wl,-headerpad_max_install_names",
					"-lQVTK",
					"-lITKAlgorithms",
					"-lITKStatistics",
					"-lITKFEM",
					"-lvtkQtChart",
					"-framework",
					QtWebKit,
					"-framework",
					phonon,
					"-framework",
					QtXmlPatterns,
					"-framework",
					QtNetwork,
					"-lvtkViews",
					"-lvtkInfovis",
					"-lvtkWidgets",
					"-lvtkHybrid",
					"-lvtkRendering",
					"-framework",
					QtGui,
					"-framework",
					QtSql,
					"-framework",
					QtCore,
					"-lvtkGraphics",
					"-lvtkverdict",
					"-lvtkImaging",
					"-lobjc",
					"-framework",
					Cocoa,
					"-framework",
					ApplicationServices,
					"-framework",
					IOKit,
					"-lvtkIO",
					"-lvtkFiltering",
					"-lvtkCommon",
					"-lvtkDICOMParser",
					"-lvtkNetCDF_cxx",
					"-lvtkmetaio",
					"-lvtksqlite",
					"-lvtkpng",
					"-lvtktiff",
					"-lvtkjpeg",
					"-lvtkexpat",
					"-lvtksys",
					"-lvtkftgl",
					"-lvtkfreetype",
					"-framework",
					ApplicationServices,
					"-framework",
					CoreServices,
					"-framework",
					OpenGL,
					"-lvtkexoIIc",
					"-lvtkNetCDF",
					"-lvtklibxml2",
					"-lvtkzlib",
					"-ldl",
					"-lvtkalglib",
					"-litkNetlibSlatec",
					"-lITKNumerics",
					"-lITKBasicFilters",
					"-lITKIO",
					"-lITKNrrdIO",
					"-litkgdcm",
					"-litkjpeg12",
					"-litkjpeg16",
					"-litkopenjpeg",
					"-framework",
					System,
					"-litkpng",
					"-litktiff",
					"-litkjpeg8",
					"-lITKSpatialObject",
					"-lITKCommon",
					"-lpthread",
					"-litkvnl_inst",
					"-litkvnl_algo",
					"-litkv3p_netlib",
					"-litkvnl",
					"-litkvcl",
					"-litkv3p_lsqr",
					"-lm",
					"-lITKMetaIO",
					"-litksys",
					"-lITKDICOMParser",
					"-lITKEXPAT",
					"-lITKniftiio",
					"-lITKznz",
					"-litkzlib",
					"-lm",
				);
				OTHER_REZFLAGS = "";
				PRODUCT_NAME = ImageViewer;
				SECTORDER_FLAGS = "";
				SYMROOT = "/Users/zian/Documents/Proyectos/Qt-ITK-VTK-Image-Viewer/build-xcode-3.20";
				USE_HEADERMAP = NO;
				WARNING_CFLAGS = (
					"-Wmost",
					"-Wno-four-char-constants",
					"-Wno-unknown-pragmas",
				);
			};
			name = RelWithDebInfo;
		};
		5AE1005AE1005AE100000000 /* RelWithDebInfo */ = {
			isa = XCBuildConfiguration;
			buildSettings = {
				FRAMEWORK_SEARCH_PATHS = /opt/QtSDK/Desktop/Qt/474/gcc/lib;
				GCC_GENERATE_DEBUGGING_SYMBOLS = NO;
				GCC_INLINES_ARE_PRIVATE_EXTERN = NO;
				GCC_OPTIMIZATION_LEVEL = 0;
				GCC_PREPROCESSOR_DEFINITIONS = (
					"'CMAKE_INTDIR=\"$(CONFIGURATION)\"'",
					QT_GUI_LIB,
					QT_CORE_LIB,
					QT_NO_DEBUG,
				);
				GCC_SYMBOLS_PRIVATE_EXTERN = NO;
				HEADER_SEARCH_PATHS = (
					"/opt/kitware/InsightToolkit-3.20.1/Utilities/gdcm/src",
					"/opt/kitware/InsightToolkit-build/Utilities/gdcm",
					"/opt/kitware/InsightToolkit-build/Utilities/vxl/core",
					"/opt/kitware/InsightToolkit-build/Utilities/vxl/vcl",
					"/opt/kitware/InsightToolkit-build/Utilities/vxl/v3p/netlib",
					"/opt/kitware/InsightToolkit-3.20.1/Utilities/vxl/core",
					"/opt/kitware/InsightToolkit-3.20.1/Utilities/vxl/vcl",
					"/opt/kitware/InsightToolkit-3.20.1/Utilities/vxl/v3p/netlib",
					"/opt/kitware/InsightToolkit-3.20.1/Code/Numerics/Statistics",
					"/opt/kitware/InsightToolkit-3.20.1/Utilities",
					"/opt/kitware/InsightToolkit-build/Utilities",
					"/opt/kitware/InsightToolkit-3.20.1/Utilities/itkExtHdrs",
					"/opt/kitware/InsightToolkit-3.20.1/Utilities/nifti/znzlib",
					"/opt/kitware/InsightToolkit-3.20.1/Utilities/nifti/niftilib",
					"/opt/kitware/InsightToolkit-3.20.1/Utilities/expat",
					"/opt/kitware/InsightToolkit-build/Utilities/expat",
					"/opt/kitware/InsightToolkit-build/Utilities/DICOMParser",
					"/opt/kitware/InsightToolkit-3.20.1/Utilities/DICOMParser",
					"/opt/kitware/InsightToolkit-build/Utilities/NrrdIO",
					"/opt/kitware/InsightToolkit-3.20.1/Utilities/NrrdIO",
					"/opt/kitware/InsightToolkit-3.20.1/Utilities/MetaIO",
					"/opt/kitware/InsightToolkit-3.20.1/Code/SpatialObject",
					"/opt/kitware/InsightToolkit-3.20.1/Code/Numerics/NeuralNetworks",
					"/opt/kitware/InsightToolkit-3.20.1/Code/Numerics/FEM",
					"/opt/kitware/InsightToolkit-3.20.1/Code/IO",
					"/opt/kitware/InsightToolkit-3.20.1/Code/Numerics",
					"/opt/kitware/InsightToolkit-3.20.1/Code/Common",
					"/opt/kitware/InsightToolkit-3.20.1/Code/BasicFilters",
					"/opt/kitware/InsightToolkit-3.20.1/Code/Algorithms",
					"/opt/kitware/InsightToolkit-build",
					"/opt/kitware/VTK-build",
					"/opt/kitware/VTK-build/Common",
					"/opt/kitware/VTK-build/Utilities",
					"/opt/kitware/VTK-build/VolumeRendering",
					"/opt/kitware/VTK-build/Rendering",
					"/opt/kitware/VTK-build/Charts",
					"/opt/kitware/VTK-build/Utilities/vtkalglib",
					/opt/kitware/VTK/Infovis,
					/opt/kitware/VTK/Geovis,
					/opt/kitware/VTK/Views,
					/opt/kitware/VTK/VolumeRendering,
					/opt/kitware/VTK/Hybrid,
					/opt/kitware/VTK/Widgets,
					/opt/kitware/VTK/Rendering,
					/opt/kitware/VTK/Charts,
					/opt/kitware/VTK/Rendering/Testing/Cxx,
					/opt/kitware/VTK/IO,
					/opt/kitware/VTK/Imaging,
					/opt/kitware/VTK/Graphics,
					/opt/kitware/VTK/GenericFiltering,
					/opt/kitware/VTK/Filtering,
					/opt/kitware/VTK/Common,
					/opt/kitware/VTK/Utilities,
					/opt/kitware/VTK/Common/Testing/Cxx,
					"/opt/kitware/VTK-build/Utilities/vtklibproj4",
					/opt/kitware/VTK/Utilities/vtklibproj4,
					"/opt/kitware/VTK-build/Utilities/DICOMParser",
					/opt/kitware/VTK/Utilities/DICOMParser,
					"/opt/kitware/VTK-build/Utilities/vtkfreetype/include",
					/opt/kitware/VTK/Utilities/vtkfreetype/include,
					"/opt/kitware/VTK-build/Utilities/vtknetcdf",
					/opt/kitware/VTK/Utilities/vtknetcdf,
					"/opt/kitware/VTK-build/Utilities/vtkexodus2/include",
					/opt/kitware/VTK/Utilities/vtkexodus2/include,
					"/opt/kitware/VTK-build/Utilities/MaterialLibrary",
					/opt/kitware/VTK/Utilities/MaterialLibrary,
					"/opt/kitware/VTK-build/Utilities/verdict",
					/opt/kitware/VTK/Utilities/verdict,
					/opt/kitware/VTK/Utilities/utf8/source,
					/opt/kitware/VTK/GUISupport/Qt,
					"/opt/kitware/VTK-build/GUISupport/Qt",
					/opt/kitware/VTK/GUISupport/Qt/Chart,
					"/opt/kitware/VTK-build/GUISupport/Qt/Chart",
					/opt/kitware/VTK/Utilities/vtkalglib,
					/opt/QtSDK/Desktop/Qt/474/gcc/include,
					/opt/QtSDK/Desktop/Qt/474/gcc/include/QtGui,
					/opt/QtSDK/Desktop/Qt/474/gcc/include/QtCore,
					"/Users/zian/Documents/Proyectos/Qt-ITK-VTK-Image-Viewer/build-xcode-3.20",
					"/Users/zian/Documents/Proyectos/Qt-ITK-VTK-Image-Viewer",
				);
				INSTALL_PATH = "";
				OTHER_CFLAGS = (
				);
				OTHER_LDFLAGS = "";
				OTHER_REZFLAGS = "";
				PRODUCT_NAME = ALL_BUILD;
				SECTORDER_FLAGS = "";
				SYMROOT = "/Users/zian/Documents/Proyectos/Qt-ITK-VTK-Image-Viewer/build-xcode-3.20";
				USE_HEADERMAP = NO;
				WARNING_CFLAGS = (
					"-Wmost",
					"-Wno-four-char-constants",
					"-Wno-unknown-pragmas",
				);
			};
			name = RelWithDebInfo;
		};
		5BFA505BFA505BFA50000000 /* Debug */ = {
			isa = XCBuildConfiguration;
			buildSettings = {
				ARCHS = "$(ARCHS_STANDARD_32_64_BIT)";
				ONLY_ACTIVE_ARCH = YES;
				SDKROOT = /Developer/SDKs/MacOSX10.6.sdk;
				SYMROOT = "/Users/zian/Documents/Proyectos/Qt-ITK-VTK-Image-Viewer/build-xcode-3.20/build";
			};
			name = Debug;
		};
		5BFC505BFC505BFC50000000 /* Release */ = {
			isa = XCBuildConfiguration;
			buildSettings = {
				ARCHS = "$(ARCHS_STANDARD_32_64_BIT)";
				ONLY_ACTIVE_ARCH = YES;
				SDKROOT = /Developer/SDKs/MacOSX10.6.sdk;
				SYMROOT = "/Users/zian/Documents/Proyectos/Qt-ITK-VTK-Image-Viewer/build-xcode-3.20/build";
			};
			name = Release;
		};
		5BFEB05BFEB05BFEB0000000 /* MinSizeRel */ = {
			isa = XCBuildConfiguration;
			buildSettings = {
				ARCHS = "$(ARCHS_STANDARD_32_64_BIT)";
				ONLY_ACTIVE_ARCH = YES;
				SDKROOT = /Developer/SDKs/MacOSX10.6.sdk;
				SYMROOT = "/Users/zian/Documents/Proyectos/Qt-ITK-VTK-Image-Viewer/build-xcode-3.20/build";
			};
			name = MinSizeRel;
		};
		5C00505C00505C0050000000 /* RelWithDebInfo */ = {
			isa = XCBuildConfiguration;
			buildSettings = {
				ARCHS = "$(ARCHS_STANDARD_32_64_BIT)";
				ONLY_ACTIVE_ARCH = YES;
				SDKROOT = /Developer/SDKs/MacOSX10.6.sdk;
				SYMROOT = "/Users/zian/Documents/Proyectos/Qt-ITK-VTK-Image-Viewer/build-xcode-3.20/build";
			};
			name = RelWithDebInfo;
		};
		5C2C105C2C105C2C10000000 /* Debug */ = {
			isa = XCBuildConfiguration;
			buildSettings = {
				FRAMEWORK_SEARCH_PATHS = /opt/QtSDK/Desktop/Qt/474/gcc/lib;
				GCC_GENERATE_DEBUGGING_SYMBOLS = NO;
				GCC_INLINES_ARE_PRIVATE_EXTERN = NO;
				GCC_OPTIMIZATION_LEVEL = 0;
				GCC_PREPROCESSOR_DEFINITIONS = (
					"'CMAKE_INTDIR=\"$(CONFIGURATION)\"'",
					QT_GUI_LIB,
					QT_CORE_LIB,
					QT_DEBUG,
				);
				GCC_SYMBOLS_PRIVATE_EXTERN = NO;
				HEADER_SEARCH_PATHS = (
					"/opt/kitware/InsightToolkit-3.20.1/Utilities/gdcm/src",
					"/opt/kitware/InsightToolkit-build/Utilities/gdcm",
					"/opt/kitware/InsightToolkit-build/Utilities/vxl/core",
					"/opt/kitware/InsightToolkit-build/Utilities/vxl/vcl",
					"/opt/kitware/InsightToolkit-build/Utilities/vxl/v3p/netlib",
					"/opt/kitware/InsightToolkit-3.20.1/Utilities/vxl/core",
					"/opt/kitware/InsightToolkit-3.20.1/Utilities/vxl/vcl",
					"/opt/kitware/InsightToolkit-3.20.1/Utilities/vxl/v3p/netlib",
					"/opt/kitware/InsightToolkit-3.20.1/Code/Numerics/Statistics",
					"/opt/kitware/InsightToolkit-3.20.1/Utilities",
					"/opt/kitware/InsightToolkit-build/Utilities",
					"/opt/kitware/InsightToolkit-3.20.1/Utilities/itkExtHdrs",
					"/opt/kitware/InsightToolkit-3.20.1/Utilities/nifti/znzlib",
					"/opt/kitware/InsightToolkit-3.20.1/Utilities/nifti/niftilib",
					"/opt/kitware/InsightToolkit-3.20.1/Utilities/expat",
					"/opt/kitware/InsightToolkit-build/Utilities/expat",
					"/opt/kitware/InsightToolkit-build/Utilities/DICOMParser",
					"/opt/kitware/InsightToolkit-3.20.1/Utilities/DICOMParser",
					"/opt/kitware/InsightToolkit-build/Utilities/NrrdIO",
					"/opt/kitware/InsightToolkit-3.20.1/Utilities/NrrdIO",
					"/opt/kitware/InsightToolkit-3.20.1/Utilities/MetaIO",
					"/opt/kitware/InsightToolkit-3.20.1/Code/SpatialObject",
					"/opt/kitware/InsightToolkit-3.20.1/Code/Numerics/NeuralNetworks",
					"/opt/kitware/InsightToolkit-3.20.1/Code/Numerics/FEM",
					"/opt/kitware/InsightToolkit-3.20.1/Code/IO",
					"/opt/kitware/InsightToolkit-3.20.1/Code/Numerics",
					"/opt/kitware/InsightToolkit-3.20.1/Code/Common",
					"/opt/kitware/InsightToolkit-3.20.1/Code/BasicFilters",
					"/opt/kitware/InsightToolkit-3.20.1/Code/Algorithms",
					"/opt/kitware/InsightToolkit-build",
					"/opt/kitware/VTK-build",
					"/opt/kitware/VTK-build/Common",
					"/opt/kitware/VTK-build/Utilities",
					"/opt/kitware/VTK-build/VolumeRendering",
					"/opt/kitware/VTK-build/Rendering",
					"/opt/kitware/VTK-build/Charts",
					"/opt/kitware/VTK-build/Utilities/vtkalglib",
					/opt/kitware/VTK/Infovis,
					/opt/kitware/VTK/Geovis,
					/opt/kitware/VTK/Views,
					/opt/kitware/VTK/VolumeRendering,
					/opt/kitware/VTK/Hybrid,
					/opt/kitware/VTK/Widgets,
					/opt/kitware/VTK/Rendering,
					/opt/kitware/VTK/Charts,
					/opt/kitware/VTK/Rendering/Testing/Cxx,
					/opt/kitware/VTK/IO,
					/opt/kitware/VTK/Imaging,
					/opt/kitware/VTK/Graphics,
					/opt/kitware/VTK/GenericFiltering,
					/opt/kitware/VTK/Filtering,
					/opt/kitware/VTK/Common,
					/opt/kitware/VTK/Utilities,
					/opt/kitware/VTK/Common/Testing/Cxx,
					"/opt/kitware/VTK-build/Utilities/vtklibproj4",
					/opt/kitware/VTK/Utilities/vtklibproj4,
					"/opt/kitware/VTK-build/Utilities/DICOMParser",
					/opt/kitware/VTK/Utilities/DICOMParser,
					"/opt/kitware/VTK-build/Utilities/vtkfreetype/include",
					/opt/kitware/VTK/Utilities/vtkfreetype/include,
					"/opt/kitware/VTK-build/Utilities/vtknetcdf",
					/opt/kitware/VTK/Utilities/vtknetcdf,
					"/opt/kitware/VTK-build/Utilities/vtkexodus2/include",
					/opt/kitware/VTK/Utilities/vtkexodus2/include,
					"/opt/kitware/VTK-build/Utilities/MaterialLibrary",
					/opt/kitware/VTK/Utilities/MaterialLibrary,
					"/opt/kitware/VTK-build/Utilities/verdict",
					/opt/kitware/VTK/Utilities/verdict,
					/opt/kitware/VTK/Utilities/utf8/source,
					/opt/kitware/VTK/GUISupport/Qt,
					"/opt/kitware/VTK-build/GUISupport/Qt",
					/opt/kitware/VTK/GUISupport/Qt/Chart,
					"/opt/kitware/VTK-build/GUISupport/Qt/Chart",
					/opt/kitware/VTK/Utilities/vtkalglib,
					/opt/QtSDK/Desktop/Qt/474/gcc/include,
					/opt/QtSDK/Desktop/Qt/474/gcc/include/QtGui,
					/opt/QtSDK/Desktop/Qt/474/gcc/include/QtCore,
					"/Users/zian/Documents/Proyectos/Qt-ITK-VTK-Image-Viewer/build-xcode-3.20",
					"/Users/zian/Documents/Proyectos/Qt-ITK-VTK-Image-Viewer",
				);
				INSTALL_PATH = "";
				OTHER_CFLAGS = (
				);
				OTHER_LDFLAGS = "";
				OTHER_REZFLAGS = "";
				PRODUCT_NAME = ALL_BUILD;
				SECTORDER_FLAGS = "";
				SYMROOT = "/Users/zian/Documents/Proyectos/Qt-ITK-VTK-Image-Viewer/build-xcode-3.20";
				USE_HEADERMAP = NO;
				WARNING_CFLAGS = (
					"-Wmost",
					"-Wno-four-char-constants",
					"-Wno-unknown-pragmas",
				);
			};
			name = Debug;
		};
		5C93205C93205C9320000000 /* Release */ = {
			isa = XCBuildConfiguration;
			buildSettings = {
				FRAMEWORK_SEARCH_PATHS = /opt/QtSDK/Desktop/Qt/474/gcc/lib;
				GCC_GENERATE_DEBUGGING_SYMBOLS = NO;
				GCC_INLINES_ARE_PRIVATE_EXTERN = NO;
				GCC_OPTIMIZATION_LEVEL = 0;
				GCC_PREPROCESSOR_DEFINITIONS = (
					"'CMAKE_INTDIR=\"$(CONFIGURATION)\"'",
					QT_GUI_LIB,
					QT_CORE_LIB,
					QT_NO_DEBUG,
				);
				GCC_SYMBOLS_PRIVATE_EXTERN = NO;
				HEADER_SEARCH_PATHS = (
					"/opt/kitware/InsightToolkit-3.20.1/Utilities/gdcm/src",
					"/opt/kitware/InsightToolkit-build/Utilities/gdcm",
					"/opt/kitware/InsightToolkit-build/Utilities/vxl/core",
					"/opt/kitware/InsightToolkit-build/Utilities/vxl/vcl",
					"/opt/kitware/InsightToolkit-build/Utilities/vxl/v3p/netlib",
					"/opt/kitware/InsightToolkit-3.20.1/Utilities/vxl/core",
					"/opt/kitware/InsightToolkit-3.20.1/Utilities/vxl/vcl",
					"/opt/kitware/InsightToolkit-3.20.1/Utilities/vxl/v3p/netlib",
					"/opt/kitware/InsightToolkit-3.20.1/Code/Numerics/Statistics",
					"/opt/kitware/InsightToolkit-3.20.1/Utilities",
					"/opt/kitware/InsightToolkit-build/Utilities",
					"/opt/kitware/InsightToolkit-3.20.1/Utilities/itkExtHdrs",
					"/opt/kitware/InsightToolkit-3.20.1/Utilities/nifti/znzlib",
					"/opt/kitware/InsightToolkit-3.20.1/Utilities/nifti/niftilib",
					"/opt/kitware/InsightToolkit-3.20.1/Utilities/expat",
					"/opt/kitware/InsightToolkit-build/Utilities/expat",
					"/opt/kitware/InsightToolkit-build/Utilities/DICOMParser",
					"/opt/kitware/InsightToolkit-3.20.1/Utilities/DICOMParser",
					"/opt/kitware/InsightToolkit-build/Utilities/NrrdIO",
					"/opt/kitware/InsightToolkit-3.20.1/Utilities/NrrdIO",
					"/opt/kitware/InsightToolkit-3.20.1/Utilities/MetaIO",
					"/opt/kitware/InsightToolkit-3.20.1/Code/SpatialObject",
					"/opt/kitware/InsightToolkit-3.20.1/Code/Numerics/NeuralNetworks",
					"/opt/kitware/InsightToolkit-3.20.1/Code/Numerics/FEM",
					"/opt/kitware/InsightToolkit-3.20.1/Code/IO",
					"/opt/kitware/InsightToolkit-3.20.1/Code/Numerics",
					"/opt/kitware/InsightToolkit-3.20.1/Code/Common",
					"/opt/kitware/InsightToolkit-3.20.1/Code/BasicFilters",
					"/opt/kitware/InsightToolkit-3.20.1/Code/Algorithms",
					"/opt/kitware/InsightToolkit-build",
					"/opt/kitware/VTK-build",
					"/opt/kitware/VTK-build/Common",
					"/opt/kitware/VTK-build/Utilities",
					"/opt/kitware/VTK-build/VolumeRendering",
					"/opt/kitware/VTK-build/Rendering",
					"/opt/kitware/VTK-build/Charts",
					"/opt/kitware/VTK-build/Utilities/vtkalglib",
					/opt/kitware/VTK/Infovis,
					/opt/kitware/VTK/Geovis,
					/opt/kitware/VTK/Views,
					/opt/kitware/VTK/VolumeRendering,
					/opt/kitware/VTK/Hybrid,
					/opt/kitware/VTK/Widgets,
					/opt/kitware/VTK/Rendering,
					/opt/kitware/VTK/Charts,
					/opt/kitware/VTK/Rendering/Testing/Cxx,
					/opt/kitware/VTK/IO,
					/opt/kitware/VTK/Imaging,
					/opt/kitware/VTK/Graphics,
					/opt/kitware/VTK/GenericFiltering,
					/opt/kitware/VTK/Filtering,
					/opt/kitware/VTK/Common,
					/opt/kitware/VTK/Utilities,
					/opt/kitware/VTK/Common/Testing/Cxx,
					"/opt/kitware/VTK-build/Utilities/vtklibproj4",
					/opt/kitware/VTK/Utilities/vtklibproj4,
					"/opt/kitware/VTK-build/Utilities/DICOMParser",
					/opt/kitware/VTK/Utilities/DICOMParser,
					"/opt/kitware/VTK-build/Utilities/vtkfreetype/include",
					/opt/kitware/VTK/Utilities/vtkfreetype/include,
					"/opt/kitware/VTK-build/Utilities/vtknetcdf",
					/opt/kitware/VTK/Utilities/vtknetcdf,
					"/opt/kitware/VTK-build/Utilities/vtkexodus2/include",
					/opt/kitware/VTK/Utilities/vtkexodus2/include,
					"/opt/kitware/VTK-build/Utilities/MaterialLibrary",
					/opt/kitware/VTK/Utilities/MaterialLibrary,
					"/opt/kitware/VTK-build/Utilities/verdict",
					/opt/kitware/VTK/Utilities/verdict,
					/opt/kitware/VTK/Utilities/utf8/source,
					/opt/kitware/VTK/GUISupport/Qt,
					"/opt/kitware/VTK-build/GUISupport/Qt",
					/opt/kitware/VTK/GUISupport/Qt/Chart,
					"/opt/kitware/VTK-build/GUISupport/Qt/Chart",
					/opt/kitware/VTK/Utilities/vtkalglib,
					/opt/QtSDK/Desktop/Qt/474/gcc/include,
					/opt/QtSDK/Desktop/Qt/474/gcc/include/QtGui,
					/opt/QtSDK/Desktop/Qt/474/gcc/include/QtCore,
					"/Users/zian/Documents/Proyectos/Qt-ITK-VTK-Image-Viewer/build-xcode-3.20",
					"/Users/zian/Documents/Proyectos/Qt-ITK-VTK-Image-Viewer",
				);
				INSTALL_PATH = "";
				OTHER_CFLAGS = (
				);
				OTHER_LDFLAGS = "";
				OTHER_REZFLAGS = "";
				PRODUCT_NAME = ALL_BUILD;
				SECTORDER_FLAGS = "";
				SYMROOT = "/Users/zian/Documents/Proyectos/Qt-ITK-VTK-Image-Viewer/build-xcode-3.20";
				USE_HEADERMAP = NO;
				WARNING_CFLAGS = (
					"-Wmost",
					"-Wno-four-char-constants",
					"-Wno-unknown-pragmas",
				);
			};
			name = Release;
		};
		5CFA005CFA005CFA00000000 /* MinSizeRel */ = {
			isa = XCBuildConfiguration;
			buildSettings = {
				FRAMEWORK_SEARCH_PATHS = /opt/QtSDK/Desktop/Qt/474/gcc/lib;
				GCC_GENERATE_DEBUGGING_SYMBOLS = NO;
				GCC_INLINES_ARE_PRIVATE_EXTERN = NO;
				GCC_OPTIMIZATION_LEVEL = 0;
				GCC_PREPROCESSOR_DEFINITIONS = (
					"'CMAKE_INTDIR=\"$(CONFIGURATION)\"'",
					QT_GUI_LIB,
					QT_CORE_LIB,
					QT_NO_DEBUG,
				);
				GCC_SYMBOLS_PRIVATE_EXTERN = NO;
				HEADER_SEARCH_PATHS = (
					"/opt/kitware/InsightToolkit-3.20.1/Utilities/gdcm/src",
					"/opt/kitware/InsightToolkit-build/Utilities/gdcm",
					"/opt/kitware/InsightToolkit-build/Utilities/vxl/core",
					"/opt/kitware/InsightToolkit-build/Utilities/vxl/vcl",
					"/opt/kitware/InsightToolkit-build/Utilities/vxl/v3p/netlib",
					"/opt/kitware/InsightToolkit-3.20.1/Utilities/vxl/core",
					"/opt/kitware/InsightToolkit-3.20.1/Utilities/vxl/vcl",
					"/opt/kitware/InsightToolkit-3.20.1/Utilities/vxl/v3p/netlib",
					"/opt/kitware/InsightToolkit-3.20.1/Code/Numerics/Statistics",
					"/opt/kitware/InsightToolkit-3.20.1/Utilities",
					"/opt/kitware/InsightToolkit-build/Utilities",
					"/opt/kitware/InsightToolkit-3.20.1/Utilities/itkExtHdrs",
					"/opt/kitware/InsightToolkit-3.20.1/Utilities/nifti/znzlib",
					"/opt/kitware/InsightToolkit-3.20.1/Utilities/nifti/niftilib",
					"/opt/kitware/InsightToolkit-3.20.1/Utilities/expat",
					"/opt/kitware/InsightToolkit-build/Utilities/expat",
					"/opt/kitware/InsightToolkit-build/Utilities/DICOMParser",
					"/opt/kitware/InsightToolkit-3.20.1/Utilities/DICOMParser",
					"/opt/kitware/InsightToolkit-build/Utilities/NrrdIO",
					"/opt/kitware/InsightToolkit-3.20.1/Utilities/NrrdIO",
					"/opt/kitware/InsightToolkit-3.20.1/Utilities/MetaIO",
					"/opt/kitware/InsightToolkit-3.20.1/Code/SpatialObject",
					"/opt/kitware/InsightToolkit-3.20.1/Code/Numerics/NeuralNetworks",
					"/opt/kitware/InsightToolkit-3.20.1/Code/Numerics/FEM",
					"/opt/kitware/InsightToolkit-3.20.1/Code/IO",
					"/opt/kitware/InsightToolkit-3.20.1/Code/Numerics",
					"/opt/kitware/InsightToolkit-3.20.1/Code/Common",
					"/opt/kitware/InsightToolkit-3.20.1/Code/BasicFilters",
					"/opt/kitware/InsightToolkit-3.20.1/Code/Algorithms",
					"/opt/kitware/InsightToolkit-build",
					"/opt/kitware/VTK-build",
					"/opt/kitware/VTK-build/Common",
					"/opt/kitware/VTK-build/Utilities",
					"/opt/kitware/VTK-build/VolumeRendering",
					"/opt/kitware/VTK-build/Rendering",
					"/opt/kitware/VTK-build/Charts",
					"/opt/kitware/VTK-build/Utilities/vtkalglib",
					/opt/kitware/VTK/Infovis,
					/opt/kitware/VTK/Geovis,
					/opt/kitware/VTK/Views,
					/opt/kitware/VTK/VolumeRendering,
					/opt/kitware/VTK/Hybrid,
					/opt/kitware/VTK/Widgets,
					/opt/kitware/VTK/Rendering,
					/opt/kitware/VTK/Charts,
					/opt/kitware/VTK/Rendering/Testing/Cxx,
					/opt/kitware/VTK/IO,
					/opt/kitware/VTK/Imaging,
					/opt/kitware/VTK/Graphics,
					/opt/kitware/VTK/GenericFiltering,
					/opt/kitware/VTK/Filtering,
					/opt/kitware/VTK/Common,
					/opt/kitware/VTK/Utilities,
					/opt/kitware/VTK/Common/Testing/Cxx,
					"/opt/kitware/VTK-build/Utilities/vtklibproj4",
					/opt/kitware/VTK/Utilities/vtklibproj4,
					"/opt/kitware/VTK-build/Utilities/DICOMParser",
					/opt/kitware/VTK/Utilities/DICOMParser,
					"/opt/kitware/VTK-build/Utilities/vtkfreetype/include",
					/opt/kitware/VTK/Utilities/vtkfreetype/include,
					"/opt/kitware/VTK-build/Utilities/vtknetcdf",
					/opt/kitware/VTK/Utilities/vtknetcdf,
					"/opt/kitware/VTK-build/Utilities/vtkexodus2/include",
					/opt/kitware/VTK/Utilities/vtkexodus2/include,
					"/opt/kitware/VTK-build/Utilities/MaterialLibrary",
					/opt/kitware/VTK/Utilities/MaterialLibrary,
					"/opt/kitware/VTK-build/Utilities/verdict",
					/opt/kitware/VTK/Utilities/verdict,
					/opt/kitware/VTK/Utilities/utf8/source,
					/opt/kitware/VTK/GUISupport/Qt,
					"/opt/kitware/VTK-build/GUISupport/Qt",
					/opt/kitware/VTK/GUISupport/Qt/Chart,
					"/opt/kitware/VTK-build/GUISupport/Qt/Chart",
					/opt/kitware/VTK/Utilities/vtkalglib,
					/opt/QtSDK/Desktop/Qt/474/gcc/include,
					/opt/QtSDK/Desktop/Qt/474/gcc/include/QtGui,
					/opt/QtSDK/Desktop/Qt/474/gcc/include/QtCore,
					"/Users/zian/Documents/Proyectos/Qt-ITK-VTK-Image-Viewer/build-xcode-3.20",
					"/Users/zian/Documents/Proyectos/Qt-ITK-VTK-Image-Viewer",
				);
				INSTALL_PATH = "";
				OTHER_CFLAGS = (
				);
				OTHER_LDFLAGS = "";
				OTHER_REZFLAGS = "";
				PRODUCT_NAME = ALL_BUILD;
				SECTORDER_FLAGS = "";
				SYMROOT = "/Users/zian/Documents/Proyectos/Qt-ITK-VTK-Image-Viewer/build-xcode-3.20";
				USE_HEADERMAP = NO;
				WARNING_CFLAGS = (
					"-Wmost",
					"-Wno-four-char-constants",
					"-Wno-unknown-pragmas",
				);
			};
			name = MinSizeRel;
		};
/* End XCBuildConfiguration section */

/* Begin XCConfigurationList section */
		104BE70104BE70104BE70000 /* Build configuration list for PBXNativeTarget "ImageViewer" */ = {
			isa = XCConfigurationList;
			buildConfigurations = (
				104A880104A880104A880000 /* Debug */,
				104C310104C310104C310000 /* Release */,
				1052D901052D901052D90000 /* MinSizeRel */,
				105994010599401059940000 /* RelWithDebInfo */,
			);
			defaultConfigurationIsVisible = 0;
			defaultConfigurationName = Debug;
		};
		5BF8C05BF8C05BF8C0000000 /* Build configuration list for PBXProject "ImageViewer" */ = {
			isa = XCConfigurationList;
			buildConfigurations = (
				5BFA505BFA505BFA50000000 /* Debug */,
				5BFC505BFC505BFC50000000 /* Release */,
				5BFEB05BFEB05BFEB0000000 /* MinSizeRel */,
				5C00505C00505C0050000000 /* RelWithDebInfo */,
			);
			defaultConfigurationIsVisible = 0;
			defaultConfigurationName = Debug;
		};
		5C26705C26705C2670000000 /* Build configuration list for PBXAggregateTarget "ALL_BUILD" */ = {
			isa = XCConfigurationList;
			buildConfigurations = (
				5C2C105C2C105C2C10000000 /* Debug */,
				5C93205C93205C9320000000 /* Release */,
				5CFA005CFA005CFA00000000 /* MinSizeRel */,
				5AE1005AE1005AE100000000 /* RelWithDebInfo */,
			);
			defaultConfigurationIsVisible = 0;
			defaultConfigurationName = Debug;
		};
/* End XCConfigurationList section */
	};
	rootObject = 5BEFA05BEFA05BEFA0000000 /* Project object */;
}
