// !$*UTF8*$!
{
	archiveVersion = 1;
	classes = {
	};
	objectVersion = 46;
	objects = {

/* Begin PBXAggregateTarget section */
		5D9B305D9B305D9B30000000 /* ALL_BUILD */ = {
			isa = PBXAggregateTarget;
			buildConfigurationList = 5DAC005DAC005DAC00000000 /* Build configuration list for PBXAggregateTarget "ALL_BUILD" */;
			buildPhases = (
				5D9DD05D9DD05D9DD0000000 /* CMake ReRun */,
				5DA4405DA4405DA440000000 /* CMake Rules */,
			);
			dependencies = (
				10803B010803B010803B0000 /* PBXTargetDependency */,
			);
			name = ALL_BUILD;
			productName = ALL_BUILD;
		};
/* End PBXAggregateTarget section */

/* Begin PBXBuildFile section */
		105B2C0105B2C0105B2C0000 /* moc_imagewidget.cxx in Sources */ = {isa = PBXBuildFile; fileRef = 105B090105B090105B090000 /* moc_imagewidget.cxx */; settings = {COMPILER_FLAGS = ""; }; };
		105BE40105BE40105BE40000 /* moc_MedianFilterDialog.cxx in Sources */ = {isa = PBXBuildFile; fileRef = 105BC30105BC30105BC30000 /* moc_MedianFilterDialog.cxx */; settings = {COMPILER_FLAGS = ""; }; };
		105CA30105CA30105CA30000 /* moc_GADFilterDialog.cxx in Sources */ = {isa = PBXBuildFile; fileRef = 105C7F0105C7F0105C7F0000 /* moc_GADFilterDialog.cxx */; settings = {COMPILER_FLAGS = ""; }; };
		5BFA005BFA005BFA00000000 /* moc_imageviewer.cxx in Sources */ = {isa = PBXBuildFile; fileRef = 5BF8805BF8805BF880000000 /* moc_imageviewer.cxx */; settings = {COMPILER_FLAGS = ""; }; };
		5C04D05C04D05C04D0000000 /* GADFilterDialog.cpp in Sources */ = {isa = PBXBuildFile; fileRef = 5C3CF05C3CF05C3CF0000000 /* GADFilterDialog.cpp */; settings = {COMPILER_FLAGS = ""; }; };
		5C2E105C2E105C2E10000000 /* main.cpp in Sources */ = {isa = PBXBuildFile; fileRef = 5C43F05C43F05C43F0000000 /* main.cpp */; settings = {COMPILER_FLAGS = ""; }; };
		5C39E05C39E05C39E0000000 /* MedianFilterDialog.cpp in Sources */ = {isa = PBXBuildFile; fileRef = 5C31A05C31A05C31A0000000 /* MedianFilterDialog.cpp */; settings = {COMPILER_FLAGS = ""; }; };
		5CE0405CE0405CE040000000 /* imageviewer.cpp in Sources */ = {isa = PBXBuildFile; fileRef = 5CD9405CD9405CD940000000 /* imageviewer.cpp */; settings = {COMPILER_FLAGS = ""; }; };
		5CEB505CEB505CEB50000000 /* imagewidget.cpp in Sources */ = {isa = PBXBuildFile; fileRef = 5CE3E05CE3E05CE3E0000000 /* imagewidget.cpp */; settings = {COMPILER_FLAGS = ""; }; };
/* End PBXBuildFile section */

/* Begin PBXContainerItemProxy section */
		107FEF0107FEF0107FEF0000 /* PBXContainerItemProxy */ = {
			isa = PBXContainerItemProxy;
			containerPortal = 5D75305D75305D7530000000 /* Project object */;
			proxyType = 1;
			remoteGlobalIDString = 106260010626001062600000;
			remoteInfo = ImageViewer;
		};
/* End PBXContainerItemProxy section */

/* Begin PBXFileReference section */
		105B090105B090105B090000 /* moc_imagewidget.cxx */ = {isa = PBXFileReference; fileEncoding = 4; lastKnownFileType = sourcecode.cpp.cpp; name = moc_imagewidget.cxx; path = "build-xcode-3.20/moc_imagewidget.cxx"; sourceTree = SOURCE_ROOT; };
		105BC30105BC30105BC30000 /* moc_MedianFilterDialog.cxx */ = {isa = PBXFileReference; fileEncoding = 4; lastKnownFileType = sourcecode.cpp.cpp; name = moc_MedianFilterDialog.cxx; path = "build-xcode-3.20/moc_MedianFilterDialog.cxx"; sourceTree = SOURCE_ROOT; };
		105C7F0105C7F0105C7F0000 /* moc_GADFilterDialog.cxx */ = {isa = PBXFileReference; fileEncoding = 4; lastKnownFileType = sourcecode.cpp.cpp; name = moc_GADFilterDialog.cxx; path = "build-xcode-3.20/moc_GADFilterDialog.cxx"; sourceTree = SOURCE_ROOT; };
		105DBF0105DBF0105DBF0000 /* MedianFilterDialog.ui */ = {isa = PBXFileReference; fileEncoding = 4; lastKnownFileType = sourcecode; path = MedianFilterDialog.ui; sourceTree = SOURCE_ROOT; };
		105E7A0105E7A0105E7A0000 /* GADFilterDialog.ui */ = {isa = PBXFileReference; fileEncoding = 4; lastKnownFileType = sourcecode; path = GADFilterDialog.ui; sourceTree = SOURCE_ROOT; };
		105F2E0105F2E0105F2E0000 /* moc_imageviewer.cxx.rule */ = {isa = PBXFileReference; fileEncoding = 4; lastKnownFileType = sourcecode; name = moc_imageviewer.cxx.rule; path = "build-xcode-3.20/moc_imageviewer.cxx.rule"; sourceTree = SOURCE_ROOT; };
		105FED0105FED0105FED0000 /* moc_imagewidget.cxx.rule */ = {isa = PBXFileReference; fileEncoding = 4; lastKnownFileType = sourcecode; name = moc_imagewidget.cxx.rule; path = "build-xcode-3.20/moc_imagewidget.cxx.rule"; sourceTree = SOURCE_ROOT; };
		1060A001060A001060A00000 /* moc_MedianFilterDialog.cxx.rule */ = {isa = PBXFileReference; fileEncoding = 4; lastKnownFileType = sourcecode; name = moc_MedianFilterDialog.cxx.rule; path = "build-xcode-3.20/moc_MedianFilterDialog.cxx.rule"; sourceTree = SOURCE_ROOT; };
		106163010616301061630000 /* moc_GADFilterDialog.cxx.rule */ = {isa = PBXFileReference; fileEncoding = 4; lastKnownFileType = sourcecode; name = moc_GADFilterDialog.cxx.rule; path = "build-xcode-3.20/moc_GADFilterDialog.cxx.rule"; sourceTree = SOURCE_ROOT; };
		107F790107F790107F790000 /* ImageViewer */ = {isa = PBXFileReference; explicitFileType = "compiled.mach-o.executable"; path = ImageViewer; sourceTree = BUILT_PRODUCTS_DIR; };
		5BD5E05BD5E05BD5E0000000 /* GADFilterDialog.h */ = {isa = PBXFileReference; fileEncoding = 4; lastKnownFileType = sourcecode.c.h; path = GADFilterDialog.h; sourceTree = SOURCE_ROOT; };
		5BE1305BE1305BE130000000 /* ui_MedianFilterDialog.h */ = {isa = PBXFileReference; fileEncoding = 4; lastKnownFileType = sourcecode.c.h; name = ui_MedianFilterDialog.h; path = "build-xcode-3.20/ui_MedianFilterDialog.h"; sourceTree = SOURCE_ROOT; };
		5BECC05BECC05BECC0000000 /* ui_GADFilterDialog.h */ = {isa = PBXFileReference; fileEncoding = 4; lastKnownFileType = sourcecode.c.h; name = ui_GADFilterDialog.h; path = "build-xcode-3.20/ui_GADFilterDialog.h"; sourceTree = SOURCE_ROOT; };
		5BF8805BF8805BF880000000 /* moc_imageviewer.cxx */ = {isa = PBXFileReference; fileEncoding = 4; lastKnownFileType = sourcecode.cpp.cpp; name = moc_imageviewer.cxx; path = "build-xcode-3.20/moc_imageviewer.cxx"; sourceTree = SOURCE_ROOT; };
		5C08805C08805C0880000000 /* imageviewer.h */ = {isa = PBXFileReference; fileEncoding = 4; lastKnownFileType = sourcecode.c.h; path = imageviewer.h; sourceTree = SOURCE_ROOT; };
		5C13B05C13B05C13B0000000 /* imagewidget.h */ = {isa = PBXFileReference; fileEncoding = 4; lastKnownFileType = sourcecode.c.h; path = imagewidget.h; sourceTree = SOURCE_ROOT; };
		5C1EA05C1EA05C1EA0000000 /* MedianFilterDialog.h */ = {isa = PBXFileReference; fileEncoding = 4; lastKnownFileType = sourcecode.c.h; path = MedianFilterDialog.h; sourceTree = SOURCE_ROOT; };
		5C31A05C31A05C31A0000000 /* MedianFilterDialog.cpp */ = {isa = PBXFileReference; fileEncoding = 4; lastKnownFileType = sourcecode.cpp.cpp; path = MedianFilterDialog.cpp; sourceTree = SOURCE_ROOT; };
		5C3CF05C3CF05C3CF0000000 /* GADFilterDialog.cpp */ = {isa = PBXFileReference; fileEncoding = 4; lastKnownFileType = sourcecode.cpp.cpp; path = GADFilterDialog.cpp; sourceTree = SOURCE_ROOT; };
		5C43F05C43F05C43F0000000 /* main.cpp */ = {isa = PBXFileReference; fileEncoding = 4; lastKnownFileType = sourcecode.cpp.cpp; path = main.cpp; sourceTree = SOURCE_ROOT; };
		5CD1F05CD1F05CD1F0000000 /* CMakeLists.txt */ = {isa = PBXFileReference; fileEncoding = 4; lastKnownFileType = sourcecode.text; path = CMakeLists.txt; sourceTree = SOURCE_ROOT; };
		5CD9405CD9405CD940000000 /* imageviewer.cpp */ = {isa = PBXFileReference; fileEncoding = 4; lastKnownFileType = sourcecode.cpp.cpp; path = imageviewer.cpp; sourceTree = SOURCE_ROOT; };
		5CE3E05CE3E05CE3E0000000 /* imagewidget.cpp */ = {isa = PBXFileReference; fileEncoding = 4; lastKnownFileType = sourcecode.cpp.cpp; path = imagewidget.cpp; sourceTree = SOURCE_ROOT; };
/* End PBXFileReference section */

/* Begin PBXGroup section */
		5D33D05D33D05D33D0000000 = {
			isa = PBXGroup;
			children = (
				5D36C05D36C05D36C0000000 /* Sources */,
				5D3AC05D3AC05D3AC0000000 /* Resources */,
				5D3EC05D3EC05D3EC0000000 /* Products */,
			);
			sourceTree = "<group>";
		};
		5D36C05D36C05D36C0000000 /* Sources */ = {
			isa = PBXGroup;
			children = (
				5D42005D42005D4200000000 /* ALL_BUILD */,
				5D4D905D4D905D4D90000000 /* ImageViewer */,
			);
			name = Sources;
			sourceTree = "<group>";
		};
		5D3AC05D3AC05D3AC0000000 /* Resources */ = {
			isa = PBXGroup;
			children = (
			);
			name = Resources;
			sourceTree = "<group>";
		};
		5D3EC05D3EC05D3EC0000000 /* Products */ = {
			isa = PBXGroup;
			children = (
				107F790107F790107F790000 /* ImageViewer */,
			);
			name = Products;
			sourceTree = "<group>";
		};
		5D42005D42005D4200000000 /* ALL_BUILD */ = {
			isa = PBXGroup;
			children = (
				5D48105D48105D4810000000 /* CMake Rules */,
				5CD1F05CD1F05CD1F0000000 /* CMakeLists.txt */,
			);
			name = ALL_BUILD;
			sourceTree = "<group>";
		};
		5D48105D48105D4810000000 /* CMake Rules */ = {
			isa = PBXGroup;
			children = (
			);
			name = "CMake Rules";
			sourceTree = "<group>";
		};
		5D4D905D4D905D4D90000000 /* ImageViewer */ = {
			isa = PBXGroup;
			children = (
				5D51C05D51C05D51C0000000 /* Source Files */,
				5D58E05D58E05D58E0000000 /* Header Files */,
				5D5F905D5F905D5F90000000 /* Generated */,
				5D68D05D68D05D68D0000000 /* Resources */,
				5D6E605D6E605D6E60000000 /* CMake Rules */,
				5CD1F05CD1F05CD1F0000000 /* CMakeLists.txt */,
			);
			name = ImageViewer;
			sourceTree = "<group>";
		};
		5D51C05D51C05D51C0000000 /* Source Files */ = {
			isa = PBXGroup;
			children = (
				5CD9405CD9405CD940000000 /* imageviewer.cpp */,
				5CE3E05CE3E05CE3E0000000 /* imagewidget.cpp */,
				5C43F05C43F05C43F0000000 /* main.cpp */,
				5C31A05C31A05C31A0000000 /* MedianFilterDialog.cpp */,
				5C3CF05C3CF05C3CF0000000 /* GADFilterDialog.cpp */,
			);
			name = "Source Files";
			sourceTree = "<group>";
		};
		5D58E05D58E05D58E0000000 /* Header Files */ = {
			isa = PBXGroup;
			children = (
				5C08805C08805C0880000000 /* imageviewer.h */,
				5C13B05C13B05C13B0000000 /* imagewidget.h */,
				5C1EA05C1EA05C1EA0000000 /* MedianFilterDialog.h */,
				5BD5E05BD5E05BD5E0000000 /* GADFilterDialog.h */,
			);
			name = "Header Files";
			sourceTree = "<group>";
		};
		5D5F905D5F905D5F90000000 /* Generated */ = {
			isa = PBXGroup;
			children = (
				5BE1305BE1305BE130000000 /* ui_MedianFilterDialog.h */,
				5BECC05BECC05BECC0000000 /* ui_GADFilterDialog.h */,
				5BF8805BF8805BF880000000 /* moc_imageviewer.cxx */,
				105B090105B090105B090000 /* moc_imagewidget.cxx */,
				105BC30105BC30105BC30000 /* moc_MedianFilterDialog.cxx */,
				105C7F0105C7F0105C7F0000 /* moc_GADFilterDialog.cxx */,
			);
			name = Generated;
			sourceTree = "<group>";
		};
		5D68D05D68D05D68D0000000 /* Resources */ = {
			isa = PBXGroup;
			children = (
				105DBF0105DBF0105DBF0000 /* MedianFilterDialog.ui */,
				105E7A0105E7A0105E7A0000 /* GADFilterDialog.ui */,
			);
			name = Resources;
			sourceTree = "<group>";
		};
		5D6E605D6E605D6E60000000 /* CMake Rules */ = {
			isa = PBXGroup;
			children = (
				105F2E0105F2E0105F2E0000 /* moc_imageviewer.cxx.rule */,
				105FED0105FED0105FED0000 /* moc_imagewidget.cxx.rule */,
				1060A001060A001060A00000 /* moc_MedianFilterDialog.cxx.rule */,
				106163010616301061630000 /* moc_GADFilterDialog.cxx.rule */,
			);
			name = "CMake Rules";
			sourceTree = "<group>";
		};
/* End PBXGroup section */

/* Begin PBXNativeTarget section */
		106260010626001062600000 /* ImageViewer */ = {
			isa = PBXNativeTarget;
			buildConfigurationList = 106440010644001064400000 /* Build configuration list for PBXNativeTarget "ImageViewer" */;
			buildPhases = (
				106288010628801062880000 /* CMake ReRun */,
				106344010634401063440000 /* CMake Rules */,
				10621B010621B010621B0000 /* Sources */,
				1063B701063B701063B70000 /* CMake PostBuild Rules */,
			);
			buildRules = (
			);
			dependencies = (
			);
			name = ImageViewer;
			productName = ImageViewer;
			productReference = 107F790107F790107F790000 /* ImageViewer */;
			productType = "com.apple.product-type.tool";
		};
/* End PBXNativeTarget section */

/* Begin PBXProject section */
		5D75305D75305D7530000000 /* Project object */ = {
			isa = PBXProject;
			attributes = {
				BuildIndependentTargetsInParallel = YES;
				LastUpgradeCheck = 0420;
			};
			buildConfigurationList = 5D7E505D7E505D7E50000000 /* Build configuration list for PBXProject "ImageViewer" */;
			compatibilityVersion = "Xcode 3.2";
			developmentRegion = English;
			hasScannedForEncodings = 0;
			knownRegions = (
				en,
			);
			mainGroup = 5D33D05D33D05D33D0000000;
			projectDirPath = ..;
			projectRoot = "";
			targets = (
				5D9B305D9B305D9B30000000 /* ALL_BUILD */,
				106260010626001062600000 /* ImageViewer */,
			);
		};
/* End PBXProject section */

/* Begin PBXShellScriptBuildPhase section */
		106288010628801062880000 /* CMake ReRun */ = {
			isa = PBXShellScriptBuildPhase;
			buildActionMask = 2147483647;
			files = (
			);
			name = "CMake ReRun";
			runOnlyForDeploymentPostprocessing = 0;
			shellPath = /bin/sh;
			shellScript = "make -C /Users/zian/Documents/Proyectos/Qt-ITK-VTK-Image-Viewer/build-xcode-3.20 -f /Users/zian/Documents/Proyectos/Qt-ITK-VTK-Image-Viewer/build-xcode-3.20/CMakeScripts/ReRunCMake.make";
		};
		106344010634401063440000 /* CMake Rules */ = {
			isa = PBXShellScriptBuildPhase;
			buildActionMask = 2147483647;
			files = (
			);
			name = "CMake Rules";
			runOnlyForDeploymentPostprocessing = 0;
			shellPath = /bin/sh;
			shellScript = "make -C /Users/zian/Documents/Proyectos/Qt-ITK-VTK-Image-Viewer/build-xcode-3.20 -f /Users/zian/Documents/Proyectos/Qt-ITK-VTK-Image-Viewer/build-xcode-3.20/CMakeScripts/ImageViewer_cmakeRulesBuildPhase.make$CONFIGURATION all";
		};
		1063B701063B701063B70000 /* CMake PostBuild Rules */ = {
			isa = PBXShellScriptBuildPhase;
			buildActionMask = 2147483647;
			files = (
			);
			name = "CMake PostBuild Rules";
			runOnlyForDeploymentPostprocessing = 0;
			shellPath = /bin/sh;
			shellScript = "make -C /Users/zian/Documents/Proyectos/Qt-ITK-VTK-Image-Viewer/build-xcode-3.20 -f /Users/zian/Documents/Proyectos/Qt-ITK-VTK-Image-Viewer/build-xcode-3.20/CMakeScripts/ImageViewer_postBuildPhase.make$CONFIGURATION all";
		};
		5D9DD05D9DD05D9DD0000000 /* CMake ReRun */ = {
			isa = PBXShellScriptBuildPhase;
			buildActionMask = 2147483647;
			files = (
			);
			name = "CMake ReRun";
			runOnlyForDeploymentPostprocessing = 0;
			shellPath = /bin/sh;
			shellScript = "make -C /Users/zian/Documents/Proyectos/Qt-ITK-VTK-Image-Viewer/build-xcode-3.20 -f /Users/zian/Documents/Proyectos/Qt-ITK-VTK-Image-Viewer/build-xcode-3.20/CMakeScripts/ReRunCMake.make";
		};
		5DA4405DA4405DA440000000 /* CMake Rules */ = {
			isa = PBXShellScriptBuildPhase;
			buildActionMask = 2147483647;
			files = (
			);
			name = "CMake Rules";
			runOnlyForDeploymentPostprocessing = 0;
			shellPath = /bin/sh;
			shellScript = "make -C /Users/zian/Documents/Proyectos/Qt-ITK-VTK-Image-Viewer/build-xcode-3.20 -f /Users/zian/Documents/Proyectos/Qt-ITK-VTK-Image-Viewer/build-xcode-3.20/CMakeScripts/ALL_BUILD_cmakeRulesBuildPhase.make$CONFIGURATION all";
		};
/* End PBXShellScriptBuildPhase section */

/* Begin PBXSourcesBuildPhase section */
		10621B010621B010621B0000 /* Sources */ = {
			isa = PBXSourcesBuildPhase;
			buildActionMask = 2147483647;
			files = (
				5CE0405CE0405CE040000000 /* imageviewer.cpp in Sources */,
				5CEB505CEB505CEB50000000 /* imagewidget.cpp in Sources */,
				5C2E105C2E105C2E10000000 /* main.cpp in Sources */,
				5C39E05C39E05C39E0000000 /* MedianFilterDialog.cpp in Sources */,
				5C04D05C04D05C04D0000000 /* GADFilterDialog.cpp in Sources */,
				5BFA005BFA005BFA00000000 /* moc_imageviewer.cxx in Sources */,
				105B2C0105B2C0105B2C0000 /* moc_imagewidget.cxx in Sources */,
				105BE40105BE40105BE40000 /* moc_MedianFilterDialog.cxx in Sources */,
				105CA30105CA30105CA30000 /* moc_GADFilterDialog.cxx in Sources */,
			);
			runOnlyForDeploymentPostprocessing = 0;
		};
/* End PBXSourcesBuildPhase section */

/* Begin PBXTargetDependency section */
		10803B010803B010803B0000 /* PBXTargetDependency */ = {
			isa = PBXTargetDependency;
			target = 106260010626001062600000 /* ImageViewer */;
			targetProxy = 107FEF0107FEF0107FEF0000 /* PBXContainerItemProxy */;
		};
/* End PBXTargetDependency section */

/* Begin XCBuildConfiguration section */
		1062E101062E101062E10000 /* Debug */ = {
			isa = XCBuildConfiguration;
			buildSettings = {
				CONFIGURATION_BUILD_DIR = "/Users/zian/Documents/Proyectos/Qt-ITK-VTK-Image-Viewer/build-xcode-3.20/Debug";
				EXECUTABLE_PREFIX = "";
				EXECUTABLE_SUFFIX = "";
				FRAMEWORK_SEARCH_PATHS = /opt/QtSDK/Desktop/Qt/474/gcc/lib;
				GCC_GENERATE_DEBUGGING_SYMBOLS = YES;
				GCC_INLINES_ARE_PRIVATE_EXTERN = NO;
				GCC_OPTIMIZATION_LEVEL = 0;
				GCC_PREPROCESSOR_DEFINITIONS = (
					"'CMAKE_INTDIR=\"$(CONFIGURATION)\"'",
					QT_GUI_LIB,
					QT_CORE_LIB,
					QT_DEBUG,
				);
				GCC_SYMBOLS_PRIVATE_EXTERN = NO;
				HEADER_SEARCH_PATHS = (
					"/opt/kitware/InsightToolkit-3.20.1/Utilities/gdcm/src",
					"/opt/kitware/InsightToolkit-build/Utilities/gdcm",
					"/opt/kitware/InsightToolkit-build/Utilities/vxl/core",
					"/opt/kitware/InsightToolkit-build/Utilities/vxl/vcl",
					"/opt/kitware/InsightToolkit-build/Utilities/vxl/v3p/netlib",
					"/opt/kitware/InsightToolkit-3.20.1/Utilities/vxl/core",
					"/opt/kitware/InsightToolkit-3.20.1/Utilities/vxl/vcl",
					"/opt/kitware/InsightToolkit-3.20.1/Utilities/vxl/v3p/netlib",
					"/opt/kitware/InsightToolkit-3.20.1/Code/Numerics/Statistics",
					"/opt/kitware/InsightToolkit-3.20.1/Utilities",
					"/opt/kitware/InsightToolkit-build/Utilities",
					"/opt/kitware/InsightToolkit-3.20.1/Utilities/itkExtHdrs",
					"/opt/kitware/InsightToolkit-3.20.1/Utilities/nifti/znzlib",
					"/opt/kitware/InsightToolkit-3.20.1/Utilities/nifti/niftilib",
					"/opt/kitware/InsightToolkit-3.20.1/Utilities/expat",
					"/opt/kitware/InsightToolkit-build/Utilities/expat",
					"/opt/kitware/InsightToolkit-build/Utilities/DICOMParser",
					"/opt/kitware/InsightToolkit-3.20.1/Utilities/DICOMParser",
					"/opt/kitware/InsightToolkit-build/Utilities/NrrdIO",
					"/opt/kitware/InsightToolkit-3.20.1/Utilities/NrrdIO",
					"/opt/kitware/InsightToolkit-3.20.1/Utilities/MetaIO",
					"/opt/kitware/InsightToolkit-3.20.1/Code/SpatialObject",
					"/opt/kitware/InsightToolkit-3.20.1/Code/Numerics/NeuralNetworks",
					"/opt/kitware/InsightToolkit-3.20.1/Code/Numerics/FEM",
					"/opt/kitware/InsightToolkit-3.20.1/Code/IO",
					"/opt/kitware/InsightToolkit-3.20.1/Code/Numerics",
					"/opt/kitware/InsightToolkit-3.20.1/Code/Common",
					"/opt/kitware/InsightToolkit-3.20.1/Code/BasicFilters",
					"/opt/kitware/InsightToolkit-3.20.1/Code/Algorithms",
					"/opt/kitware/InsightToolkit-build",
					"/opt/kitware/VTK-build",
					"/opt/kitware/VTK-build/Common",
					"/opt/kitware/VTK-build/Utilities",
					"/opt/kitware/VTK-build/VolumeRendering",
					"/opt/kitware/VTK-build/Rendering",
					"/opt/kitware/VTK-build/Charts",
					"/opt/kitware/VTK-build/Utilities/vtkalglib",
					/opt/kitware/VTK/Infovis,
					/opt/kitware/VTK/Geovis,
					/opt/kitware/VTK/Views,
					/opt/kitware/VTK/VolumeRendering,
					/opt/kitware/VTK/Hybrid,
					/opt/kitware/VTK/Widgets,
					/opt/kitware/VTK/Rendering,
					/opt/kitware/VTK/Charts,
					/opt/kitware/VTK/Rendering/Testing/Cxx,
					/opt/kitware/VTK/IO,
					/opt/kitware/VTK/Imaging,
					/opt/kitware/VTK/Graphics,
					/opt/kitware/VTK/GenericFiltering,
					/opt/kitware/VTK/Filtering,
					/opt/kitware/VTK/Common,
					/opt/kitware/VTK/Utilities,
					/opt/kitware/VTK/Common/Testing/Cxx,
					"/opt/kitware/VTK-build/Utilities/vtklibproj4",
					/opt/kitware/VTK/Utilities/vtklibproj4,
					"/opt/kitware/VTK-build/Utilities/DICOMParser",
					/opt/kitware/VTK/Utilities/DICOMParser,
					"/opt/kitware/VTK-build/Utilities/vtkfreetype/include",
					/opt/kitware/VTK/Utilities/vtkfreetype/include,
					"/opt/kitware/VTK-build/Utilities/vtknetcdf",
					/opt/kitware/VTK/Utilities/vtknetcdf,
					"/opt/kitware/VTK-build/Utilities/vtkexodus2/include",
					/opt/kitware/VTK/Utilities/vtkexodus2/include,
					"/opt/kitware/VTK-build/Utilities/MaterialLibrary",
					/opt/kitware/VTK/Utilities/MaterialLibrary,
					"/opt/kitware/VTK-build/Utilities/verdict",
					/opt/kitware/VTK/Utilities/verdict,
					/opt/kitware/VTK/Utilities/utf8/source,
					/opt/kitware/VTK/GUISupport/Qt,
					"/opt/kitware/VTK-build/GUISupport/Qt",
					/opt/kitware/VTK/GUISupport/Qt/Chart,
					"/opt/kitware/VTK-build/GUISupport/Qt/Chart",
					/opt/kitware/VTK/Utilities/vtkalglib,
					/opt/QtSDK/Desktop/Qt/474/gcc/include,
					/opt/QtSDK/Desktop/Qt/474/gcc/include/QtGui,
					/opt/QtSDK/Desktop/Qt/474/gcc/include/QtCore,
					"/Users/zian/Documents/Proyectos/Qt-ITK-VTK-Image-Viewer/build-xcode-3.20",
					"/Users/zian/Documents/Proyectos/Qt-ITK-VTK-Image-Viewer",
				);
				INSTALL_PATH = "";
				LIBRARY_SEARCH_PATHS = (
					"/opt/kitware/InsightToolkit-build/bin/$(CONFIGURATION)",
					"/opt/kitware/InsightToolkit-build/bin",
					"/opt/kitware/VTK-build/bin/$(CONFIGURATION)",
					"/opt/kitware/VTK-build/bin",
				);
				OTHER_CFLAGS = (
					"-Wall",
					"-Wno-uninitialized",
					"-Wno-unused-parameter",
					"-no-cpp-precomp",
					"-no-cpp-precomp",
				);
				OTHER_CPLUSPLUSFLAGS = (
					"-ftemplate-depth-50",
					"-Wall",
					"-Wno-deprecated",
					"-no-cpp-precomp",
					"-msse2",
					"-Wno-deprecated",
					"-no-cpp-precomp",
				);
				OTHER_LDFLAGS = (
					"-Wl,-search_paths_first",
					"-Wl,-headerpad_max_install_names",
					"-lQVTK",
					"-lITKAlgorithms",
					"-lITKStatistics",
					"-lITKFEM",
					"-lvtkQtChart",
					"-framework",
					QtWebKit,
					"-framework",
					phonon,
					"-framework",
					QtXmlPatterns,
					"-framework",
					QtNetwork,
					"-lvtkViews",
					"-lvtkInfovis",
					"-lvtkWidgets",
					"-lvtkHybrid",
					"-lvtkRendering",
					"-framework",
					QtGui,
					"-framework",
					QtSql,
					"-framework",
					QtCore,
					"-lvtkGraphics",
					"-lvtkverdict",
					"-lvtkImaging",
					"-lobjc",
					"-framework",
					Cocoa,
					"-framework",
					ApplicationServices,
					"-framework",
					IOKit,
					"-lvtkIO",
					"-lvtkFiltering",
					"-lvtkCommon",
					"-lvtkDICOMParser",
					"-lvtkNetCDF_cxx",
					"-lvtkmetaio",
					"-lvtksqlite",
					"-lvtkpng",
					"-lvtktiff",
					"-lvtkjpeg",
					"-lvtkexpat",
					"-lvtksys",
					"-lvtkftgl",
					"-lvtkfreetype",
					"-framework",
					ApplicationServices,
					"-framework",
					CoreServices,
					"-framework",
					OpenGL,
					"-lvtkexoIIc",
					"-lvtkNetCDF",
					"-lvtklibxml2",
					"-lvtkzlib",
					"-ldl",
					"-lvtkalglib",
					"-litkNetlibSlatec",
					"-lITKNumerics",
					"-lITKBasicFilters",
					"-lITKIO",
					"-lITKNrrdIO",
					"-litkgdcm",
					"-litkjpeg12",
					"-litkjpeg16",
					"-litkopenjpeg",
					"-framework",
					System,
					"-litkpng",
					"-litktiff",
					"-litkjpeg8",
					"-lITKSpatialObject",
					"-lITKCommon",
					"-lpthread",
					"-litkvnl_inst",
					"-litkvnl_algo",
					"-litkv3p_netlib",
					"-litkvnl",
					"-litkvcl",
					"-litkv3p_lsqr",
					"-lm",
					"-lITKMetaIO",
					"-litksys",
					"-lITKDICOMParser",
					"-lITKEXPAT",
					"-lITKniftiio",
					"-lITKznz",
					"-litkzlib",
					"-lm",
				);
				OTHER_REZFLAGS = "";
				PRODUCT_NAME = ImageViewer;
				SECTORDER_FLAGS = "";
				SYMROOT = "/Users/zian/Documents/Proyectos/Qt-ITK-VTK-Image-Viewer/build-xcode-3.20";
				USE_HEADERMAP = NO;
				WARNING_CFLAGS = (
					"-Wmost",
					"-Wno-four-char-constants",
					"-Wno-unknown-pragmas",
				);
			};
			name = Debug;
		};
		10648A010648A010648A0000 /* Release */ = {
			isa = XCBuildConfiguration;
			buildSettings = {
				CONFIGURATION_BUILD_DIR = "/Users/zian/Documents/Proyectos/Qt-ITK-VTK-Image-Viewer/build-xcode-3.20/Release";
				EXECUTABLE_PREFIX = "";
				EXECUTABLE_SUFFIX = "";
				FRAMEWORK_SEARCH_PATHS = /opt/QtSDK/Desktop/Qt/474/gcc/lib;
				GCC_GENERATE_DEBUGGING_SYMBOLS = NO;
				GCC_INLINES_ARE_PRIVATE_EXTERN = NO;
				GCC_OPTIMIZATION_LEVEL = 3;
				GCC_PREPROCESSOR_DEFINITIONS = (
					"'CMAKE_INTDIR=\"$(CONFIGURATION)\"'",
					QT_GUI_LIB,
					QT_CORE_LIB,
					QT_NO_DEBUG,
				);
				GCC_SYMBOLS_PRIVATE_EXTERN = NO;
				HEADER_SEARCH_PATHS = (
					"/opt/kitware/InsightToolkit-3.20.1/Utilities/gdcm/src",
					"/opt/kitware/InsightToolkit-build/Utilities/gdcm",
					"/opt/kitware/InsightToolkit-build/Utilities/vxl/core",
					"/opt/kitware/InsightToolkit-build/Utilities/vxl/vcl",
					"/opt/kitware/InsightToolkit-build/Utilities/vxl/v3p/netlib",
					"/opt/kitware/InsightToolkit-3.20.1/Utilities/vxl/core",
					"/opt/kitware/InsightToolkit-3.20.1/Utilities/vxl/vcl",
					"/opt/kitware/InsightToolkit-3.20.1/Utilities/vxl/v3p/netlib",
					"/opt/kitware/InsightToolkit-3.20.1/Code/Numerics/Statistics",
					"/opt/kitware/InsightToolkit-3.20.1/Utilities",
					"/opt/kitware/InsightToolkit-build/Utilities",
					"/opt/kitware/InsightToolkit-3.20.1/Utilities/itkExtHdrs",
					"/opt/kitware/InsightToolkit-3.20.1/Utilities/nifti/znzlib",
					"/opt/kitware/InsightToolkit-3.20.1/Utilities/nifti/niftilib",
					"/opt/kitware/InsightToolkit-3.20.1/Utilities/expat",
					"/opt/kitware/InsightToolkit-build/Utilities/expat",
					"/opt/kitware/InsightToolkit-build/Utilities/DICOMParser",
					"/opt/kitware/InsightToolkit-3.20.1/Utilities/DICOMParser",
					"/opt/kitware/InsightToolkit-build/Utilities/NrrdIO",
					"/opt/kitware/InsightToolkit-3.20.1/Utilities/NrrdIO",
					"/opt/kitware/InsightToolkit-3.20.1/Utilities/MetaIO",
					"/opt/kitware/InsightToolkit-3.20.1/Code/SpatialObject",
					"/opt/kitware/InsightToolkit-3.20.1/Code/Numerics/NeuralNetworks",
					"/opt/kitware/InsightToolkit-3.20.1/Code/Numerics/FEM",
					"/opt/kitware/InsightToolkit-3.20.1/Code/IO",
					"/opt/kitware/InsightToolkit-3.20.1/Code/Numerics",
					"/opt/kitware/InsightToolkit-3.20.1/Code/Common",
					"/opt/kitware/InsightToolkit-3.20.1/Code/BasicFilters",
					"/opt/kitware/InsightToolkit-3.20.1/Code/Algorithms",
					"/opt/kitware/InsightToolkit-build",
					"/opt/kitware/VTK-build",
					"/opt/kitware/VTK-build/Common",
					"/opt/kitware/VTK-build/Utilities",
					"/opt/kitware/VTK-build/VolumeRendering",
					"/opt/kitware/VTK-build/Rendering",
					"/opt/kitware/VTK-build/Charts",
					"/opt/kitware/VTK-build/Utilities/vtkalglib",
					/opt/kitware/VTK/Infovis,
					/opt/kitware/VTK/Geovis,
					/opt/kitware/VTK/Views,
					/opt/kitware/VTK/VolumeRendering,
					/opt/kitware/VTK/Hybrid,
					/opt/kitware/VTK/Widgets,
					/opt/kitware/VTK/Rendering,
					/opt/kitware/VTK/Charts,
					/opt/kitware/VTK/Rendering/Testing/Cxx,
					/opt/kitware/VTK/IO,
					/opt/kitware/VTK/Imaging,
					/opt/kitware/VTK/Graphics,
					/opt/kitware/VTK/GenericFiltering,
					/opt/kitware/VTK/Filtering,
					/opt/kitware/VTK/Common,
					/opt/kitware/VTK/Utilities,
					/opt/kitware/VTK/Common/Testing/Cxx,
					"/opt/kitware/VTK-build/Utilities/vtklibproj4",
					/opt/kitware/VTK/Utilities/vtklibproj4,
					"/opt/kitware/VTK-build/Utilities/DICOMParser",
					/opt/kitware/VTK/Utilities/DICOMParser,
					"/opt/kitware/VTK-build/Utilities/vtkfreetype/include",
					/opt/kitware/VTK/Utilities/vtkfreetype/include,
					"/opt/kitware/VTK-build/Utilities/vtknetcdf",
					/opt/kitware/VTK/Utilities/vtknetcdf,
					"/opt/kitware/VTK-build/Utilities/vtkexodus2/include",
					/opt/kitware/VTK/Utilities/vtkexodus2/include,
					"/opt/kitware/VTK-build/Utilities/MaterialLibrary",
					/opt/kitware/VTK/Utilities/MaterialLibrary,
					"/opt/kitware/VTK-build/Utilities/verdict",
					/opt/kitware/VTK/Utilities/verdict,
					/opt/kitware/VTK/Utilities/utf8/source,
					/opt/kitware/VTK/GUISupport/Qt,
					"/opt/kitware/VTK-build/GUISupport/Qt",
					/opt/kitware/VTK/GUISupport/Qt/Chart,
					"/opt/kitware/VTK-build/GUISupport/Qt/Chart",
					/opt/kitware/VTK/Utilities/vtkalglib,
					/opt/QtSDK/Desktop/Qt/474/gcc/include,
					/opt/QtSDK/Desktop/Qt/474/gcc/include/QtGui,
					/opt/QtSDK/Desktop/Qt/474/gcc/include/QtCore,
					"/Users/zian/Documents/Proyectos/Qt-ITK-VTK-Image-Viewer/build-xcode-3.20",
					"/Users/zian/Documents/Proyectos/Qt-ITK-VTK-Image-Viewer",
				);
				INSTALL_PATH = "";
				LIBRARY_SEARCH_PATHS = (
					"/opt/kitware/InsightToolkit-build/bin/$(CONFIGURATION)",
					"/opt/kitware/InsightToolkit-build/bin",
					"/opt/kitware/VTK-build/bin/$(CONFIGURATION)",
					"/opt/kitware/VTK-build/bin",
				);
				OTHER_CFLAGS = (
					"-Wall",
					"-Wno-uninitialized",
					"-Wno-unused-parameter",
					"-no-cpp-precomp",
					"-no-cpp-precomp",
					"-DNDEBUG",
				);
				OTHER_CPLUSPLUSFLAGS = (
					"-ftemplate-depth-50",
					"-Wall",
					"-Wno-deprecated",
					"-no-cpp-precomp",
					"-msse2",
					"-Wno-deprecated",
					"-no-cpp-precomp",
					"-DNDEBUG",
				);
				OTHER_LDFLAGS = (
					"-Wl,-search_paths_first",
					"-Wl,-headerpad_max_install_names",
					"-lQVTK",
					"-lITKAlgorithms",
					"-lITKStatistics",
					"-lITKFEM",
					"-lvtkQtChart",
					"-framework",
					QtWebKit,
					"-framework",
					phonon,
					"-framework",
					QtXmlPatterns,
					"-framework",
					QtNetwork,
					"-lvtkViews",
					"-lvtkInfovis",
					"-lvtkWidgets",
					"-lvtkHybrid",
					"-lvtkRendering",
					"-framework",
					QtGui,
					"-framework",
					QtSql,
					"-framework",
					QtCore,
					"-lvtkGraphics",
					"-lvtkverdict",
					"-lvtkImaging",
					"-lobjc",
					"-framework",
					Cocoa,
					"-framework",
					ApplicationServices,
					"-framework",
					IOKit,
					"-lvtkIO",
					"-lvtkFiltering",
					"-lvtkCommon",
					"-lvtkDICOMParser",
					"-lvtkNetCDF_cxx",
					"-lvtkmetaio",
					"-lvtksqlite",
					"-lvtkpng",
					"-lvtktiff",
					"-lvtkjpeg",
					"-lvtkexpat",
					"-lvtksys",
					"-lvtkftgl",
					"-lvtkfreetype",
					"-framework",
					ApplicationServices,
					"-framework",
					CoreServices,
					"-framework",
					OpenGL,
					"-lvtkexoIIc",
					"-lvtkNetCDF",
					"-lvtklibxml2",
					"-lvtkzlib",
					"-ldl",
					"-lvtkalglib",
					"-litkNetlibSlatec",
					"-lITKNumerics",
					"-lITKBasicFilters",
					"-lITKIO",
					"-lITKNrrdIO",
					"-litkgdcm",
					"-litkjpeg12",
					"-litkjpeg16",
					"-litkopenjpeg",
					"-framework",
					System,
					"-litkpng",
					"-litktiff",
					"-litkjpeg8",
					"-lITKSpatialObject",
					"-lITKCommon",
					"-lpthread",
					"-litkvnl_inst",
					"-litkvnl_algo",
					"-litkv3p_netlib",
					"-litkvnl",
					"-litkvcl",
					"-litkv3p_lsqr",
					"-lm",
					"-lITKMetaIO",
					"-litksys",
					"-lITKDICOMParser",
					"-lITKEXPAT",
					"-lITKniftiio",
					"-lITKznz",
					"-litkzlib",
					"-lm",
				);
				OTHER_REZFLAGS = "";
				PRODUCT_NAME = ImageViewer;
				SECTORDER_FLAGS = "";
				SYMROOT = "/Users/zian/Documents/Proyectos/Qt-ITK-VTK-Image-Viewer/build-xcode-3.20";
				USE_HEADERMAP = NO;
				WARNING_CFLAGS = (
					"-Wmost",
					"-Wno-four-char-constants",
					"-Wno-unknown-pragmas",
				);
			};
			name = Release;
		};
		106B320106B320106B320000 /* MinSizeRel */ = {
			isa = XCBuildConfiguration;
			buildSettings = {
				CONFIGURATION_BUILD_DIR = "/Users/zian/Documents/Proyectos/Qt-ITK-VTK-Image-Viewer/build-xcode-3.20/MinSizeRel";
				EXECUTABLE_PREFIX = "";
				EXECUTABLE_SUFFIX = "";
				FRAMEWORK_SEARCH_PATHS = /opt/QtSDK/Desktop/Qt/474/gcc/lib;
				GCC_GENERATE_DEBUGGING_SYMBOLS = NO;
				GCC_INLINES_ARE_PRIVATE_EXTERN = NO;
				GCC_OPTIMIZATION_LEVEL = s;
				GCC_PREPROCESSOR_DEFINITIONS = (
					"'CMAKE_INTDIR=\"$(CONFIGURATION)\"'",
					QT_GUI_LIB,
					QT_CORE_LIB,
					QT_NO_DEBUG,
				);
				GCC_SYMBOLS_PRIVATE_EXTERN = NO;
				HEADER_SEARCH_PATHS = (
					"/opt/kitware/InsightToolkit-3.20.1/Utilities/gdcm/src",
					"/opt/kitware/InsightToolkit-build/Utilities/gdcm",
					"/opt/kitware/InsightToolkit-build/Utilities/vxl/core",
					"/opt/kitware/InsightToolkit-build/Utilities/vxl/vcl",
					"/opt/kitware/InsightToolkit-build/Utilities/vxl/v3p/netlib",
					"/opt/kitware/InsightToolkit-3.20.1/Utilities/vxl/core",
					"/opt/kitware/InsightToolkit-3.20.1/Utilities/vxl/vcl",
					"/opt/kitware/InsightToolkit-3.20.1/Utilities/vxl/v3p/netlib",
					"/opt/kitware/InsightToolkit-3.20.1/Code/Numerics/Statistics",
					"/opt/kitware/InsightToolkit-3.20.1/Utilities",
					"/opt/kitware/InsightToolkit-build/Utilities",
					"/opt/kitware/InsightToolkit-3.20.1/Utilities/itkExtHdrs",
					"/opt/kitware/InsightToolkit-3.20.1/Utilities/nifti/znzlib",
					"/opt/kitware/InsightToolkit-3.20.1/Utilities/nifti/niftilib",
					"/opt/kitware/InsightToolkit-3.20.1/Utilities/expat",
					"/opt/kitware/InsightToolkit-build/Utilities/expat",
					"/opt/kitware/InsightToolkit-build/Utilities/DICOMParser",
					"/opt/kitware/InsightToolkit-3.20.1/Utilities/DICOMParser",
					"/opt/kitware/InsightToolkit-build/Utilities/NrrdIO",
					"/opt/kitware/InsightToolkit-3.20.1/Utilities/NrrdIO",
					"/opt/kitware/InsightToolkit-3.20.1/Utilities/MetaIO",
					"/opt/kitware/InsightToolkit-3.20.1/Code/SpatialObject",
					"/opt/kitware/InsightToolkit-3.20.1/Code/Numerics/NeuralNetworks",
					"/opt/kitware/InsightToolkit-3.20.1/Code/Numerics/FEM",
					"/opt/kitware/InsightToolkit-3.20.1/Code/IO",
					"/opt/kitware/InsightToolkit-3.20.1/Code/Numerics",
					"/opt/kitware/InsightToolkit-3.20.1/Code/Common",
					"/opt/kitware/InsightToolkit-3.20.1/Code/BasicFilters",
					"/opt/kitware/InsightToolkit-3.20.1/Code/Algorithms",
					"/opt/kitware/InsightToolkit-build",
					"/opt/kitware/VTK-build",
					"/opt/kitware/VTK-build/Common",
					"/opt/kitware/VTK-build/Utilities",
					"/opt/kitware/VTK-build/VolumeRendering",
					"/opt/kitware/VTK-build/Rendering",
					"/opt/kitware/VTK-build/Charts",
					"/opt/kitware/VTK-build/Utilities/vtkalglib",
					/opt/kitware/VTK/Infovis,
					/opt/kitware/VTK/Geovis,
					/opt/kitware/VTK/Views,
					/opt/kitware/VTK/VolumeRendering,
					/opt/kitware/VTK/Hybrid,
					/opt/kitware/VTK/Widgets,
					/opt/kitware/VTK/Rendering,
					/opt/kitware/VTK/Charts,
					/opt/kitware/VTK/Rendering/Testing/Cxx,
					/opt/kitware/VTK/IO,
					/opt/kitware/VTK/Imaging,
					/opt/kitware/VTK/Graphics,
					/opt/kitware/VTK/GenericFiltering,
					/opt/kitware/VTK/Filtering,
					/opt/kitware/VTK/Common,
					/opt/kitware/VTK/Utilities,
					/opt/kitware/VTK/Common/Testing/Cxx,
					"/opt/kitware/VTK-build/Utilities/vtklibproj4",
					/opt/kitware/VTK/Utilities/vtklibproj4,
					"/opt/kitware/VTK-build/Utilities/DICOMParser",
					/opt/kitware/VTK/Utilities/DICOMParser,
					"/opt/kitware/VTK-build/Utilities/vtkfreetype/include",
					/opt/kitware/VTK/Utilities/vtkfreetype/include,
					"/opt/kitware/VTK-build/Utilities/vtknetcdf",
					/opt/kitware/VTK/Utilities/vtknetcdf,
					"/opt/kitware/VTK-build/Utilities/vtkexodus2/include",
					/opt/kitware/VTK/Utilities/vtkexodus2/include,
					"/opt/kitware/VTK-build/Utilities/MaterialLibrary",
					/opt/kitware/VTK/Utilities/MaterialLibrary,
					"/opt/kitware/VTK-build/Utilities/verdict",
					/opt/kitware/VTK/Utilities/verdict,
					/opt/kitware/VTK/Utilities/utf8/source,
					/opt/kitware/VTK/GUISupport/Qt,
					"/opt/kitware/VTK-build/GUISupport/Qt",
					/opt/kitware/VTK/GUISupport/Qt/Chart,
					"/opt/kitware/VTK-build/GUISupport/Qt/Chart",
					/opt/kitware/VTK/Utilities/vtkalglib,
					/opt/QtSDK/Desktop/Qt/474/gcc/include,
					/opt/QtSDK/Desktop/Qt/474/gcc/include/QtGui,
					/opt/QtSDK/Desktop/Qt/474/gcc/include/QtCore,
					"/Users/zian/Documents/Proyectos/Qt-ITK-VTK-Image-Viewer/build-xcode-3.20",
					"/Users/zian/Documents/Proyectos/Qt-ITK-VTK-Image-Viewer",
				);
				INSTALL_PATH = "";
				LIBRARY_SEARCH_PATHS = (
					"/opt/kitware/InsightToolkit-build/bin/$(CONFIGURATION)",
					"/opt/kitware/InsightToolkit-build/bin",
					"/opt/kitware/VTK-build/bin/$(CONFIGURATION)",
					"/opt/kitware/VTK-build/bin",
				);
				OTHER_CFLAGS = (
					"-Wall",
					"-Wno-uninitialized",
					"-Wno-unused-parameter",
					"-no-cpp-precomp",
					"-no-cpp-precomp",
					"-DNDEBUG",
				);
				OTHER_CPLUSPLUSFLAGS = (
					"-ftemplate-depth-50",
					"-Wall",
					"-Wno-deprecated",
					"-no-cpp-precomp",
					"-msse2",
					"-Wno-deprecated",
					"-no-cpp-precomp",
					"-DNDEBUG",
				);
				OTHER_LDFLAGS = (
					"-Wl,-search_paths_first",
					"-Wl,-headerpad_max_install_names",
					"-lQVTK",
					"-lITKAlgorithms",
					"-lITKStatistics",
					"-lITKFEM",
					"-lvtkQtChart",
					"-framework",
					QtWebKit,
					"-framework",
					phonon,
					"-framework",
					QtXmlPatterns,
					"-framework",
					QtNetwork,
					"-lvtkViews",
					"-lvtkInfovis",
					"-lvtkWidgets",
					"-lvtkHybrid",
					"-lvtkRendering",
					"-framework",
					QtGui,
					"-framework",
					QtSql,
					"-framework",
					QtCore,
					"-lvtkGraphics",
					"-lvtkverdict",
					"-lvtkImaging",
					"-lobjc",
					"-framework",
					Cocoa,
					"-framework",
					ApplicationServices,
					"-framework",
					IOKit,
					"-lvtkIO",
					"-lvtkFiltering",
					"-lvtkCommon",
					"-lvtkDICOMParser",
					"-lvtkNetCDF_cxx",
					"-lvtkmetaio",
					"-lvtksqlite",
					"-lvtkpng",
					"-lvtktiff",
					"-lvtkjpeg",
					"-lvtkexpat",
					"-lvtksys",
					"-lvtkftgl",
					"-lvtkfreetype",
					"-framework",
					ApplicationServices,
					"-framework",
					CoreServices,
					"-framework",
					OpenGL,
					"-lvtkexoIIc",
					"-lvtkNetCDF",
					"-lvtklibxml2",
					"-lvtkzlib",
					"-ldl",
					"-lvtkalglib",
					"-litkNetlibSlatec",
					"-lITKNumerics",
					"-lITKBasicFilters",
					"-lITKIO",
					"-lITKNrrdIO",
					"-litkgdcm",
					"-litkjpeg12",
					"-litkjpeg16",
					"-litkopenjpeg",
					"-framework",
					System,
					"-litkpng",
					"-litktiff",
					"-litkjpeg8",
					"-lITKSpatialObject",
					"-lITKCommon",
					"-lpthread",
					"-litkvnl_inst",
					"-litkvnl_algo",
					"-litkv3p_netlib",
					"-litkvnl",
					"-litkvcl",
					"-litkv3p_lsqr",
					"-lm",
					"-lITKMetaIO",
					"-litksys",
					"-lITKDICOMParser",
					"-lITKEXPAT",
					"-lITKniftiio",
					"-lITKznz",
					"-litkzlib",
					"-lm",
				);
				OTHER_REZFLAGS = "";
				PRODUCT_NAME = ImageViewer;
				SECTORDER_FLAGS = "";
				SYMROOT = "/Users/zian/Documents/Proyectos/Qt-ITK-VTK-Image-Viewer/build-xcode-3.20";
				USE_HEADERMAP = NO;
				WARNING_CFLAGS = (
					"-Wmost",
					"-Wno-four-char-constants",
					"-Wno-unknown-pragmas",
				);
			};
			name = MinSizeRel;
		};
		1071ED01071ED01071ED0000 /* RelWithDebInfo */ = {
			isa = XCBuildConfiguration;
			buildSettings = {
				CONFIGURATION_BUILD_DIR = "/Users/zian/Documents/Proyectos/Qt-ITK-VTK-Image-Viewer/build-xcode-3.20/RelWithDebInfo";
				EXECUTABLE_PREFIX = "";
				EXECUTABLE_SUFFIX = "";
				FRAMEWORK_SEARCH_PATHS = /opt/QtSDK/Desktop/Qt/474/gcc/lib;
				GCC_GENERATE_DEBUGGING_SYMBOLS = YES;
				GCC_INLINES_ARE_PRIVATE_EXTERN = NO;
				GCC_OPTIMIZATION_LEVEL = 2;
				GCC_PREPROCESSOR_DEFINITIONS = (
					"'CMAKE_INTDIR=\"$(CONFIGURATION)\"'",
					QT_GUI_LIB,
					QT_CORE_LIB,
					QT_NO_DEBUG,
				);
				GCC_SYMBOLS_PRIVATE_EXTERN = NO;
				HEADER_SEARCH_PATHS = (
					"/opt/kitware/InsightToolkit-3.20.1/Utilities/gdcm/src",
					"/opt/kitware/InsightToolkit-build/Utilities/gdcm",
					"/opt/kitware/InsightToolkit-build/Utilities/vxl/core",
					"/opt/kitware/InsightToolkit-build/Utilities/vxl/vcl",
					"/opt/kitware/InsightToolkit-build/Utilities/vxl/v3p/netlib",
					"/opt/kitware/InsightToolkit-3.20.1/Utilities/vxl/core",
					"/opt/kitware/InsightToolkit-3.20.1/Utilities/vxl/vcl",
					"/opt/kitware/InsightToolkit-3.20.1/Utilities/vxl/v3p/netlib",
					"/opt/kitware/InsightToolkit-3.20.1/Code/Numerics/Statistics",
					"/opt/kitware/InsightToolkit-3.20.1/Utilities",
					"/opt/kitware/InsightToolkit-build/Utilities",
					"/opt/kitware/InsightToolkit-3.20.1/Utilities/itkExtHdrs",
					"/opt/kitware/InsightToolkit-3.20.1/Utilities/nifti/znzlib",
					"/opt/kitware/InsightToolkit-3.20.1/Utilities/nifti/niftilib",
					"/opt/kitware/InsightToolkit-3.20.1/Utilities/expat",
					"/opt/kitware/InsightToolkit-build/Utilities/expat",
					"/opt/kitware/InsightToolkit-build/Utilities/DICOMParser",
					"/opt/kitware/InsightToolkit-3.20.1/Utilities/DICOMParser",
					"/opt/kitware/InsightToolkit-build/Utilities/NrrdIO",
					"/opt/kitware/InsightToolkit-3.20.1/Utilities/NrrdIO",
					"/opt/kitware/InsightToolkit-3.20.1/Utilities/MetaIO",
					"/opt/kitware/InsightToolkit-3.20.1/Code/SpatialObject",
					"/opt/kitware/InsightToolkit-3.20.1/Code/Numerics/NeuralNetworks",
					"/opt/kitware/InsightToolkit-3.20.1/Code/Numerics/FEM",
					"/opt/kitware/InsightToolkit-3.20.1/Code/IO",
					"/opt/kitware/InsightToolkit-3.20.1/Code/Numerics",
					"/opt/kitware/InsightToolkit-3.20.1/Code/Common",
					"/opt/kitware/InsightToolkit-3.20.1/Code/BasicFilters",
					"/opt/kitware/InsightToolkit-3.20.1/Code/Algorithms",
					"/opt/kitware/InsightToolkit-build",
					"/opt/kitware/VTK-build",
					"/opt/kitware/VTK-build/Common",
					"/opt/kitware/VTK-build/Utilities",
					"/opt/kitware/VTK-build/VolumeRendering",
					"/opt/kitware/VTK-build/Rendering",
					"/opt/kitware/VTK-build/Charts",
					"/opt/kitware/VTK-build/Utilities/vtkalglib",
					/opt/kitware/VTK/Infovis,
					/opt/kitware/VTK/Geovis,
					/opt/kitware/VTK/Views,
					/opt/kitware/VTK/VolumeRendering,
					/opt/kitware/VTK/Hybrid,
					/opt/kitware/VTK/Widgets,
					/opt/kitware/VTK/Rendering,
					/opt/kitware/VTK/Charts,
					/opt/kitware/VTK/Rendering/Testing/Cxx,
					/opt/kitware/VTK/IO,
					/opt/kitware/VTK/Imaging,
					/opt/kitware/VTK/Graphics,
					/opt/kitware/VTK/GenericFiltering,
					/opt/kitware/VTK/Filtering,
					/opt/kitware/VTK/Common,
					/opt/kitware/VTK/Utilities,
					/opt/kitware/VTK/Common/Testing/Cxx,
					"/opt/kitware/VTK-build/Utilities/vtklibproj4",
					/opt/kitware/VTK/Utilities/vtklibproj4,
					"/opt/kitware/VTK-build/Utilities/DICOMParser",
					/opt/kitware/VTK/Utilities/DICOMParser,
					"/opt/kitware/VTK-build/Utilities/vtkfreetype/include",
					/opt/kitware/VTK/Utilities/vtkfreetype/include,
					"/opt/kitware/VTK-build/Utilities/vtknetcdf",
					/opt/kitware/VTK/Utilities/vtknetcdf,
					"/opt/kitware/VTK-build/Utilities/vtkexodus2/include",
					/opt/kitware/VTK/Utilities/vtkexodus2/include,
					"/opt/kitware/VTK-build/Utilities/MaterialLibrary",
					/opt/kitware/VTK/Utilities/MaterialLibrary,
					"/opt/kitware/VTK-build/Utilities/verdict",
					/opt/kitware/VTK/Utilities/verdict,
					/opt/kitware/VTK/Utilities/utf8/source,
					/opt/kitware/VTK/GUISupport/Qt,
					"/opt/kitware/VTK-build/GUISupport/Qt",
					/opt/kitware/VTK/GUISupport/Qt/Chart,
					"/opt/kitware/VTK-build/GUISupport/Qt/Chart",
					/opt/kitware/VTK/Utilities/vtkalglib,
					/opt/QtSDK/Desktop/Qt/474/gcc/include,
					/opt/QtSDK/Desktop/Qt/474/gcc/include/QtGui,
					/opt/QtSDK/Desktop/Qt/474/gcc/include/QtCore,
					"/Users/zian/Documents/Proyectos/Qt-ITK-VTK-Image-Viewer/build-xcode-3.20",
					"/Users/zian/Documents/Proyectos/Qt-ITK-VTK-Image-Viewer",
				);
				INSTALL_PATH = "";
				LIBRARY_SEARCH_PATHS = (
					"/opt/kitware/InsightToolkit-build/bin/$(CONFIGURATION)",
					"/opt/kitware/InsightToolkit-build/bin",
					"/opt/kitware/VTK-build/bin/$(CONFIGURATION)",
					"/opt/kitware/VTK-build/bin",
				);
				OTHER_CFLAGS = (
					"-Wall",
					"-Wno-uninitialized",
					"-Wno-unused-parameter",
					"-no-cpp-precomp",
					"-no-cpp-precomp",
				);
				OTHER_CPLUSPLUSFLAGS = (
					"-ftemplate-depth-50",
					"-Wall",
					"-Wno-deprecated",
					"-no-cpp-precomp",
					"-msse2",
					"-Wno-deprecated",
					"-no-cpp-precomp",
				);
				OTHER_LDFLAGS = (
					"-Wl,-search_paths_first",
					"-Wl,-headerpad_max_install_names",
					"-lQVTK",
					"-lITKAlgorithms",
					"-lITKStatistics",
					"-lITKFEM",
					"-lvtkQtChart",
					"-framework",
					QtWebKit,
					"-framework",
					phonon,
					"-framework",
					QtXmlPatterns,
					"-framework",
					QtNetwork,
					"-lvtkViews",
					"-lvtkInfovis",
					"-lvtkWidgets",
					"-lvtkHybrid",
					"-lvtkRendering",
					"-framework",
					QtGui,
					"-framework",
					QtSql,
					"-framework",
					QtCore,
					"-lvtkGraphics",
					"-lvtkverdict",
					"-lvtkImaging",
					"-lobjc",
					"-framework",
					Cocoa,
					"-framework",
					ApplicationServices,
					"-framework",
					IOKit,
					"-lvtkIO",
					"-lvtkFiltering",
					"-lvtkCommon",
					"-lvtkDICOMParser",
					"-lvtkNetCDF_cxx",
					"-lvtkmetaio",
					"-lvtksqlite",
					"-lvtkpng",
					"-lvtktiff",
					"-lvtkjpeg",
					"-lvtkexpat",
					"-lvtksys",
					"-lvtkftgl",
					"-lvtkfreetype",
					"-framework",
					ApplicationServices,
					"-framework",
					CoreServices,
					"-framework",
					OpenGL,
					"-lvtkexoIIc",
					"-lvtkNetCDF",
					"-lvtklibxml2",
					"-lvtkzlib",
					"-ldl",
					"-lvtkalglib",
					"-litkNetlibSlatec",
					"-lITKNumerics",
					"-lITKBasicFilters",
					"-lITKIO",
					"-lITKNrrdIO",
					"-litkgdcm",
					"-litkjpeg12",
					"-litkjpeg16",
					"-litkopenjpeg",
					"-framework",
					System,
					"-litkpng",
					"-litktiff",
					"-litkjpeg8",
					"-lITKSpatialObject",
					"-lITKCommon",
					"-lpthread",
					"-litkvnl_inst",
					"-litkvnl_algo",
					"-litkv3p_netlib",
					"-litkvnl",
					"-litkvcl",
					"-litkv3p_lsqr",
					"-lm",
					"-lITKMetaIO",
					"-litksys",
					"-lITKDICOMParser",
					"-lITKEXPAT",
					"-lITKniftiio",
					"-lITKznz",
					"-litkzlib",
					"-lm",
				);
				OTHER_REZFLAGS = "";
				PRODUCT_NAME = ImageViewer;
				SECTORDER_FLAGS = "";
				SYMROOT = "/Users/zian/Documents/Proyectos/Qt-ITK-VTK-Image-Viewer/build-xcode-3.20";
				USE_HEADERMAP = NO;
				WARNING_CFLAGS = (
					"-Wmost",
					"-Wno-four-char-constants",
					"-Wno-unknown-pragmas",
				);
			};
			name = RelWithDebInfo;
		};
		5C66905C66905C6690000000 /* RelWithDebInfo */ = {
			isa = XCBuildConfiguration;
			buildSettings = {
				FRAMEWORK_SEARCH_PATHS = /opt/QtSDK/Desktop/Qt/474/gcc/lib;
				GCC_GENERATE_DEBUGGING_SYMBOLS = NO;
				GCC_INLINES_ARE_PRIVATE_EXTERN = NO;
				GCC_OPTIMIZATION_LEVEL = 0;
				GCC_PREPROCESSOR_DEFINITIONS = (
					"'CMAKE_INTDIR=\"$(CONFIGURATION)\"'",
					QT_GUI_LIB,
					QT_CORE_LIB,
					QT_NO_DEBUG,
				);
				GCC_SYMBOLS_PRIVATE_EXTERN = NO;
				HEADER_SEARCH_PATHS = (
					"/opt/kitware/InsightToolkit-3.20.1/Utilities/gdcm/src",
					"/opt/kitware/InsightToolkit-build/Utilities/gdcm",
					"/opt/kitware/InsightToolkit-build/Utilities/vxl/core",
					"/opt/kitware/InsightToolkit-build/Utilities/vxl/vcl",
					"/opt/kitware/InsightToolkit-build/Utilities/vxl/v3p/netlib",
					"/opt/kitware/InsightToolkit-3.20.1/Utilities/vxl/core",
					"/opt/kitware/InsightToolkit-3.20.1/Utilities/vxl/vcl",
					"/opt/kitware/InsightToolkit-3.20.1/Utilities/vxl/v3p/netlib",
					"/opt/kitware/InsightToolkit-3.20.1/Code/Numerics/Statistics",
					"/opt/kitware/InsightToolkit-3.20.1/Utilities",
					"/opt/kitware/InsightToolkit-build/Utilities",
					"/opt/kitware/InsightToolkit-3.20.1/Utilities/itkExtHdrs",
					"/opt/kitware/InsightToolkit-3.20.1/Utilities/nifti/znzlib",
					"/opt/kitware/InsightToolkit-3.20.1/Utilities/nifti/niftilib",
					"/opt/kitware/InsightToolkit-3.20.1/Utilities/expat",
					"/opt/kitware/InsightToolkit-build/Utilities/expat",
					"/opt/kitware/InsightToolkit-build/Utilities/DICOMParser",
					"/opt/kitware/InsightToolkit-3.20.1/Utilities/DICOMParser",
					"/opt/kitware/InsightToolkit-build/Utilities/NrrdIO",
					"/opt/kitware/InsightToolkit-3.20.1/Utilities/NrrdIO",
					"/opt/kitware/InsightToolkit-3.20.1/Utilities/MetaIO",
					"/opt/kitware/InsightToolkit-3.20.1/Code/SpatialObject",
					"/opt/kitware/InsightToolkit-3.20.1/Code/Numerics/NeuralNetworks",
					"/opt/kitware/InsightToolkit-3.20.1/Code/Numerics/FEM",
					"/opt/kitware/InsightToolkit-3.20.1/Code/IO",
					"/opt/kitware/InsightToolkit-3.20.1/Code/Numerics",
					"/opt/kitware/InsightToolkit-3.20.1/Code/Common",
					"/opt/kitware/InsightToolkit-3.20.1/Code/BasicFilters",
					"/opt/kitware/InsightToolkit-3.20.1/Code/Algorithms",
					"/opt/kitware/InsightToolkit-build",
					"/opt/kitware/VTK-build",
					"/opt/kitware/VTK-build/Common",
					"/opt/kitware/VTK-build/Utilities",
					"/opt/kitware/VTK-build/VolumeRendering",
					"/opt/kitware/VTK-build/Rendering",
					"/opt/kitware/VTK-build/Charts",
					"/opt/kitware/VTK-build/Utilities/vtkalglib",
					/opt/kitware/VTK/Infovis,
					/opt/kitware/VTK/Geovis,
					/opt/kitware/VTK/Views,
					/opt/kitware/VTK/VolumeRendering,
					/opt/kitware/VTK/Hybrid,
					/opt/kitware/VTK/Widgets,
					/opt/kitware/VTK/Rendering,
					/opt/kitware/VTK/Charts,
					/opt/kitware/VTK/Rendering/Testing/Cxx,
					/opt/kitware/VTK/IO,
					/opt/kitware/VTK/Imaging,
					/opt/kitware/VTK/Graphics,
					/opt/kitware/VTK/GenericFiltering,
					/opt/kitware/VTK/Filtering,
					/opt/kitware/VTK/Common,
					/opt/kitware/VTK/Utilities,
					/opt/kitware/VTK/Common/Testing/Cxx,
					"/opt/kitware/VTK-build/Utilities/vtklibproj4",
					/opt/kitware/VTK/Utilities/vtklibproj4,
					"/opt/kitware/VTK-build/Utilities/DICOMParser",
					/opt/kitware/VTK/Utilities/DICOMParser,
					"/opt/kitware/VTK-build/Utilities/vtkfreetype/include",
					/opt/kitware/VTK/Utilities/vtkfreetype/include,
					"/opt/kitware/VTK-build/Utilities/vtknetcdf",
					/opt/kitware/VTK/Utilities/vtknetcdf,
					"/opt/kitware/VTK-build/Utilities/vtkexodus2/include",
					/opt/kitware/VTK/Utilities/vtkexodus2/include,
					"/opt/kitware/VTK-build/Utilities/MaterialLibrary",
					/opt/kitware/VTK/Utilities/MaterialLibrary,
					"/opt/kitware/VTK-build/Utilities/verdict",
					/opt/kitware/VTK/Utilities/verdict,
					/opt/kitware/VTK/Utilities/utf8/source,
					/opt/kitware/VTK/GUISupport/Qt,
					"/opt/kitware/VTK-build/GUISupport/Qt",
					/opt/kitware/VTK/GUISupport/Qt/Chart,
					"/opt/kitware/VTK-build/GUISupport/Qt/Chart",
					/opt/kitware/VTK/Utilities/vtkalglib,
					/opt/QtSDK/Desktop/Qt/474/gcc/include,
					/opt/QtSDK/Desktop/Qt/474/gcc/include/QtGui,
					/opt/QtSDK/Desktop/Qt/474/gcc/include/QtCore,
					"/Users/zian/Documents/Proyectos/Qt-ITK-VTK-Image-Viewer/build-xcode-3.20",
					"/Users/zian/Documents/Proyectos/Qt-ITK-VTK-Image-Viewer",
				);
				INSTALL_PATH = "";
				OTHER_CFLAGS = (
				);
				OTHER_LDFLAGS = "";
				OTHER_REZFLAGS = "";
				PRODUCT_NAME = ALL_BUILD;
				SECTORDER_FLAGS = "";
				SYMROOT = "/Users/zian/Documents/Proyectos/Qt-ITK-VTK-Image-Viewer/build-xcode-3.20";
				USE_HEADERMAP = NO;
				WARNING_CFLAGS = (
					"-Wmost",
					"-Wno-four-char-constants",
					"-Wno-unknown-pragmas",
				);
			};
			name = RelWithDebInfo;
		};
		5D7FE05D7FE05D7FE0000000 /* Debug */ = {
			isa = XCBuildConfiguration;
			buildSettings = {
				ARCHS = "$(ARCHS_STANDARD_32_64_BIT)";
				ONLY_ACTIVE_ARCH = YES;
				SDKROOT = /Developer/SDKs/MacOSX10.6.sdk;
				SYMROOT = "/Users/zian/Documents/Proyectos/Qt-ITK-VTK-Image-Viewer/build-xcode-3.20/build";
			};
			name = Debug;
		};
		5D81E05D81E05D81E0000000 /* Release */ = {
			isa = XCBuildConfiguration;
			buildSettings = {
				ARCHS = "$(ARCHS_STANDARD_32_64_BIT)";
				ONLY_ACTIVE_ARCH = YES;
				SDKROOT = /Developer/SDKs/MacOSX10.6.sdk;
				SYMROOT = "/Users/zian/Documents/Proyectos/Qt-ITK-VTK-Image-Viewer/build-xcode-3.20/build";
			};
			name = Release;
		};
		5D84405D84405D8440000000 /* MinSizeRel */ = {
			isa = XCBuildConfiguration;
			buildSettings = {
				ARCHS = "$(ARCHS_STANDARD_32_64_BIT)";
				ONLY_ACTIVE_ARCH = YES;
				SDKROOT = /Developer/SDKs/MacOSX10.6.sdk;
				SYMROOT = "/Users/zian/Documents/Proyectos/Qt-ITK-VTK-Image-Viewer/build-xcode-3.20/build";
			};
			name = MinSizeRel;
		};
		5D85E05D85E05D85E0000000 /* RelWithDebInfo */ = {
			isa = XCBuildConfiguration;
			buildSettings = {
				ARCHS = "$(ARCHS_STANDARD_32_64_BIT)";
				ONLY_ACTIVE_ARCH = YES;
				SDKROOT = /Developer/SDKs/MacOSX10.6.sdk;
				SYMROOT = "/Users/zian/Documents/Proyectos/Qt-ITK-VTK-Image-Viewer/build-xcode-3.20/build";
			};
			name = RelWithDebInfo;
		};
		5DB1A05DB1A05DB1A0000000 /* Debug */ = {
			isa = XCBuildConfiguration;
			buildSettings = {
				FRAMEWORK_SEARCH_PATHS = /opt/QtSDK/Desktop/Qt/474/gcc/lib;
				GCC_GENERATE_DEBUGGING_SYMBOLS = NO;
				GCC_INLINES_ARE_PRIVATE_EXTERN = NO;
				GCC_OPTIMIZATION_LEVEL = 0;
				GCC_PREPROCESSOR_DEFINITIONS = (
					"'CMAKE_INTDIR=\"$(CONFIGURATION)\"'",
					QT_GUI_LIB,
					QT_CORE_LIB,
					QT_DEBUG,
				);
				GCC_SYMBOLS_PRIVATE_EXTERN = NO;
				HEADER_SEARCH_PATHS = (
					"/opt/kitware/InsightToolkit-3.20.1/Utilities/gdcm/src",
					"/opt/kitware/InsightToolkit-build/Utilities/gdcm",
					"/opt/kitware/InsightToolkit-build/Utilities/vxl/core",
					"/opt/kitware/InsightToolkit-build/Utilities/vxl/vcl",
					"/opt/kitware/InsightToolkit-build/Utilities/vxl/v3p/netlib",
					"/opt/kitware/InsightToolkit-3.20.1/Utilities/vxl/core",
					"/opt/kitware/InsightToolkit-3.20.1/Utilities/vxl/vcl",
					"/opt/kitware/InsightToolkit-3.20.1/Utilities/vxl/v3p/netlib",
					"/opt/kitware/InsightToolkit-3.20.1/Code/Numerics/Statistics",
					"/opt/kitware/InsightToolkit-3.20.1/Utilities",
					"/opt/kitware/InsightToolkit-build/Utilities",
					"/opt/kitware/InsightToolkit-3.20.1/Utilities/itkExtHdrs",
					"/opt/kitware/InsightToolkit-3.20.1/Utilities/nifti/znzlib",
					"/opt/kitware/InsightToolkit-3.20.1/Utilities/nifti/niftilib",
					"/opt/kitware/InsightToolkit-3.20.1/Utilities/expat",
					"/opt/kitware/InsightToolkit-build/Utilities/expat",
					"/opt/kitware/InsightToolkit-build/Utilities/DICOMParser",
					"/opt/kitware/InsightToolkit-3.20.1/Utilities/DICOMParser",
					"/opt/kitware/InsightToolkit-build/Utilities/NrrdIO",
					"/opt/kitware/InsightToolkit-3.20.1/Utilities/NrrdIO",
					"/opt/kitware/InsightToolkit-3.20.1/Utilities/MetaIO",
					"/opt/kitware/InsightToolkit-3.20.1/Code/SpatialObject",
					"/opt/kitware/InsightToolkit-3.20.1/Code/Numerics/NeuralNetworks",
					"/opt/kitware/InsightToolkit-3.20.1/Code/Numerics/FEM",
					"/opt/kitware/InsightToolkit-3.20.1/Code/IO",
					"/opt/kitware/InsightToolkit-3.20.1/Code/Numerics",
					"/opt/kitware/InsightToolkit-3.20.1/Code/Common",
					"/opt/kitware/InsightToolkit-3.20.1/Code/BasicFilters",
					"/opt/kitware/InsightToolkit-3.20.1/Code/Algorithms",
					"/opt/kitware/InsightToolkit-build",
					"/opt/kitware/VTK-build",
					"/opt/kitware/VTK-build/Common",
					"/opt/kitware/VTK-build/Utilities",
					"/opt/kitware/VTK-build/VolumeRendering",
					"/opt/kitware/VTK-build/Rendering",
					"/opt/kitware/VTK-build/Charts",
					"/opt/kitware/VTK-build/Utilities/vtkalglib",
					/opt/kitware/VTK/Infovis,
					/opt/kitware/VTK/Geovis,
					/opt/kitware/VTK/Views,
					/opt/kitware/VTK/VolumeRendering,
					/opt/kitware/VTK/Hybrid,
					/opt/kitware/VTK/Widgets,
					/opt/kitware/VTK/Rendering,
					/opt/kitware/VTK/Charts,
					/opt/kitware/VTK/Rendering/Testing/Cxx,
					/opt/kitware/VTK/IO,
					/opt/kitware/VTK/Imaging,
					/opt/kitware/VTK/Graphics,
					/opt/kitware/VTK/GenericFiltering,
					/opt/kitware/VTK/Filtering,
					/opt/kitware/VTK/Common,
					/opt/kitware/VTK/Utilities,
					/opt/kitware/VTK/Common/Testing/Cxx,
					"/opt/kitware/VTK-build/Utilities/vtklibproj4",
					/opt/kitware/VTK/Utilities/vtklibproj4,
					"/opt/kitware/VTK-build/Utilities/DICOMParser",
					/opt/kitware/VTK/Utilities/DICOMParser,
					"/opt/kitware/VTK-build/Utilities/vtkfreetype/include",
					/opt/kitware/VTK/Utilities/vtkfreetype/include,
					"/opt/kitware/VTK-build/Utilities/vtknetcdf",
					/opt/kitware/VTK/Utilities/vtknetcdf,
					"/opt/kitware/VTK-build/Utilities/vtkexodus2/include",
					/opt/kitware/VTK/Utilities/vtkexodus2/include,
					"/opt/kitware/VTK-build/Utilities/MaterialLibrary",
					/opt/kitware/VTK/Utilities/MaterialLibrary,
					"/opt/kitware/VTK-build/Utilities/verdict",
					/opt/kitware/VTK/Utilities/verdict,
					/opt/kitware/VTK/Utilities/utf8/source,
					/opt/kitware/VTK/GUISupport/Qt,
					"/opt/kitware/VTK-build/GUISupport/Qt",
					/opt/kitware/VTK/GUISupport/Qt/Chart,
					"/opt/kitware/VTK-build/GUISupport/Qt/Chart",
					/opt/kitware/VTK/Utilities/vtkalglib,
					/opt/QtSDK/Desktop/Qt/474/gcc/include,
					/opt/QtSDK/Desktop/Qt/474/gcc/include/QtGui,
					/opt/QtSDK/Desktop/Qt/474/gcc/include/QtCore,
					"/Users/zian/Documents/Proyectos/Qt-ITK-VTK-Image-Viewer/build-xcode-3.20",
					"/Users/zian/Documents/Proyectos/Qt-ITK-VTK-Image-Viewer",
				);
				INSTALL_PATH = "";
				OTHER_CFLAGS = (
				);
				OTHER_LDFLAGS = "";
				OTHER_REZFLAGS = "";
				PRODUCT_NAME = ALL_BUILD;
				SECTORDER_FLAGS = "";
				SYMROOT = "/Users/zian/Documents/Proyectos/Qt-ITK-VTK-Image-Viewer/build-xcode-3.20";
				USE_HEADERMAP = NO;
				WARNING_CFLAGS = (
					"-Wmost",
					"-Wno-four-char-constants",
					"-Wno-unknown-pragmas",
				);
			};
			name = Debug;
		};
		5E18B05E18B05E18B0000000 /* Release */ = {
			isa = XCBuildConfiguration;
			buildSettings = {
				FRAMEWORK_SEARCH_PATHS = /opt/QtSDK/Desktop/Qt/474/gcc/lib;
				GCC_GENERATE_DEBUGGING_SYMBOLS = NO;
				GCC_INLINES_ARE_PRIVATE_EXTERN = NO;
				GCC_OPTIMIZATION_LEVEL = 0;
				GCC_PREPROCESSOR_DEFINITIONS = (
					"'CMAKE_INTDIR=\"$(CONFIGURATION)\"'",
					QT_GUI_LIB,
					QT_CORE_LIB,
					QT_NO_DEBUG,
				);
				GCC_SYMBOLS_PRIVATE_EXTERN = NO;
				HEADER_SEARCH_PATHS = (
					"/opt/kitware/InsightToolkit-3.20.1/Utilities/gdcm/src",
					"/opt/kitware/InsightToolkit-build/Utilities/gdcm",
					"/opt/kitware/InsightToolkit-build/Utilities/vxl/core",
					"/opt/kitware/InsightToolkit-build/Utilities/vxl/vcl",
					"/opt/kitware/InsightToolkit-build/Utilities/vxl/v3p/netlib",
					"/opt/kitware/InsightToolkit-3.20.1/Utilities/vxl/core",
					"/opt/kitware/InsightToolkit-3.20.1/Utilities/vxl/vcl",
					"/opt/kitware/InsightToolkit-3.20.1/Utilities/vxl/v3p/netlib",
					"/opt/kitware/InsightToolkit-3.20.1/Code/Numerics/Statistics",
					"/opt/kitware/InsightToolkit-3.20.1/Utilities",
					"/opt/kitware/InsightToolkit-build/Utilities",
					"/opt/kitware/InsightToolkit-3.20.1/Utilities/itkExtHdrs",
					"/opt/kitware/InsightToolkit-3.20.1/Utilities/nifti/znzlib",
					"/opt/kitware/InsightToolkit-3.20.1/Utilities/nifti/niftilib",
					"/opt/kitware/InsightToolkit-3.20.1/Utilities/expat",
					"/opt/kitware/InsightToolkit-build/Utilities/expat",
					"/opt/kitware/InsightToolkit-build/Utilities/DICOMParser",
					"/opt/kitware/InsightToolkit-3.20.1/Utilities/DICOMParser",
					"/opt/kitware/InsightToolkit-build/Utilities/NrrdIO",
					"/opt/kitware/InsightToolkit-3.20.1/Utilities/NrrdIO",
					"/opt/kitware/InsightToolkit-3.20.1/Utilities/MetaIO",
					"/opt/kitware/InsightToolkit-3.20.1/Code/SpatialObject",
					"/opt/kitware/InsightToolkit-3.20.1/Code/Numerics/NeuralNetworks",
					"/opt/kitware/InsightToolkit-3.20.1/Code/Numerics/FEM",
					"/opt/kitware/InsightToolkit-3.20.1/Code/IO",
					"/opt/kitware/InsightToolkit-3.20.1/Code/Numerics",
					"/opt/kitware/InsightToolkit-3.20.1/Code/Common",
					"/opt/kitware/InsightToolkit-3.20.1/Code/BasicFilters",
					"/opt/kitware/InsightToolkit-3.20.1/Code/Algorithms",
					"/opt/kitware/InsightToolkit-build",
					"/opt/kitware/VTK-build",
					"/opt/kitware/VTK-build/Common",
					"/opt/kitware/VTK-build/Utilities",
					"/opt/kitware/VTK-build/VolumeRendering",
					"/opt/kitware/VTK-build/Rendering",
					"/opt/kitware/VTK-build/Charts",
					"/opt/kitware/VTK-build/Utilities/vtkalglib",
					/opt/kitware/VTK/Infovis,
					/opt/kitware/VTK/Geovis,
					/opt/kitware/VTK/Views,
					/opt/kitware/VTK/VolumeRendering,
					/opt/kitware/VTK/Hybrid,
					/opt/kitware/VTK/Widgets,
					/opt/kitware/VTK/Rendering,
					/opt/kitware/VTK/Charts,
					/opt/kitware/VTK/Rendering/Testing/Cxx,
					/opt/kitware/VTK/IO,
					/opt/kitware/VTK/Imaging,
					/opt/kitware/VTK/Graphics,
					/opt/kitware/VTK/GenericFiltering,
					/opt/kitware/VTK/Filtering,
					/opt/kitware/VTK/Common,
					/opt/kitware/VTK/Utilities,
					/opt/kitware/VTK/Common/Testing/Cxx,
					"/opt/kitware/VTK-build/Utilities/vtklibproj4",
					/opt/kitware/VTK/Utilities/vtklibproj4,
					"/opt/kitware/VTK-build/Utilities/DICOMParser",
					/opt/kitware/VTK/Utilities/DICOMParser,
					"/opt/kitware/VTK-build/Utilities/vtkfreetype/include",
					/opt/kitware/VTK/Utilities/vtkfreetype/include,
					"/opt/kitware/VTK-build/Utilities/vtknetcdf",
					/opt/kitware/VTK/Utilities/vtknetcdf,
					"/opt/kitware/VTK-build/Utilities/vtkexodus2/include",
					/opt/kitware/VTK/Utilities/vtkexodus2/include,
					"/opt/kitware/VTK-build/Utilities/MaterialLibrary",
					/opt/kitware/VTK/Utilities/MaterialLibrary,
					"/opt/kitware/VTK-build/Utilities/verdict",
					/opt/kitware/VTK/Utilities/verdict,
					/opt/kitware/VTK/Utilities/utf8/source,
					/opt/kitware/VTK/GUISupport/Qt,
					"/opt/kitware/VTK-build/GUISupport/Qt",
					/opt/kitware/VTK/GUISupport/Qt/Chart,
					"/opt/kitware/VTK-build/GUISupport/Qt/Chart",
					/opt/kitware/VTK/Utilities/vtkalglib,
					/opt/QtSDK/Desktop/Qt/474/gcc/include,
					/opt/QtSDK/Desktop/Qt/474/gcc/include/QtGui,
					/opt/QtSDK/Desktop/Qt/474/gcc/include/QtCore,
					"/Users/zian/Documents/Proyectos/Qt-ITK-VTK-Image-Viewer/build-xcode-3.20",
					"/Users/zian/Documents/Proyectos/Qt-ITK-VTK-Image-Viewer",
				);
				INSTALL_PATH = "";
				OTHER_CFLAGS = (
				);
				OTHER_LDFLAGS = "";
				OTHER_REZFLAGS = "";
				PRODUCT_NAME = ALL_BUILD;
				SECTORDER_FLAGS = "";
				SYMROOT = "/Users/zian/Documents/Proyectos/Qt-ITK-VTK-Image-Viewer/build-xcode-3.20";
				USE_HEADERMAP = NO;
				WARNING_CFLAGS = (
					"-Wmost",
					"-Wno-four-char-constants",
					"-Wno-unknown-pragmas",
				);
			};
			name = Release;
		};
		5E7F905E7F905E7F90000000 /* MinSizeRel */ = {
			isa = XCBuildConfiguration;
			buildSettings = {
				FRAMEWORK_SEARCH_PATHS = /opt/QtSDK/Desktop/Qt/474/gcc/lib;
				GCC_GENERATE_DEBUGGING_SYMBOLS = NO;
				GCC_INLINES_ARE_PRIVATE_EXTERN = NO;
				GCC_OPTIMIZATION_LEVEL = 0;
				GCC_PREPROCESSOR_DEFINITIONS = (
					"'CMAKE_INTDIR=\"$(CONFIGURATION)\"'",
					QT_GUI_LIB,
					QT_CORE_LIB,
					QT_NO_DEBUG,
				);
				GCC_SYMBOLS_PRIVATE_EXTERN = NO;
				HEADER_SEARCH_PATHS = (
					"/opt/kitware/InsightToolkit-3.20.1/Utilities/gdcm/src",
					"/opt/kitware/InsightToolkit-build/Utilities/gdcm",
					"/opt/kitware/InsightToolkit-build/Utilities/vxl/core",
					"/opt/kitware/InsightToolkit-build/Utilities/vxl/vcl",
					"/opt/kitware/InsightToolkit-build/Utilities/vxl/v3p/netlib",
					"/opt/kitware/InsightToolkit-3.20.1/Utilities/vxl/core",
					"/opt/kitware/InsightToolkit-3.20.1/Utilities/vxl/vcl",
					"/opt/kitware/InsightToolkit-3.20.1/Utilities/vxl/v3p/netlib",
					"/opt/kitware/InsightToolkit-3.20.1/Code/Numerics/Statistics",
					"/opt/kitware/InsightToolkit-3.20.1/Utilities",
					"/opt/kitware/InsightToolkit-build/Utilities",
					"/opt/kitware/InsightToolkit-3.20.1/Utilities/itkExtHdrs",
					"/opt/kitware/InsightToolkit-3.20.1/Utilities/nifti/znzlib",
					"/opt/kitware/InsightToolkit-3.20.1/Utilities/nifti/niftilib",
					"/opt/kitware/InsightToolkit-3.20.1/Utilities/expat",
					"/opt/kitware/InsightToolkit-build/Utilities/expat",
					"/opt/kitware/InsightToolkit-build/Utilities/DICOMParser",
					"/opt/kitware/InsightToolkit-3.20.1/Utilities/DICOMParser",
					"/opt/kitware/InsightToolkit-build/Utilities/NrrdIO",
					"/opt/kitware/InsightToolkit-3.20.1/Utilities/NrrdIO",
					"/opt/kitware/InsightToolkit-3.20.1/Utilities/MetaIO",
					"/opt/kitware/InsightToolkit-3.20.1/Code/SpatialObject",
					"/opt/kitware/InsightToolkit-3.20.1/Code/Numerics/NeuralNetworks",
					"/opt/kitware/InsightToolkit-3.20.1/Code/Numerics/FEM",
					"/opt/kitware/InsightToolkit-3.20.1/Code/IO",
					"/opt/kitware/InsightToolkit-3.20.1/Code/Numerics",
					"/opt/kitware/InsightToolkit-3.20.1/Code/Common",
					"/opt/kitware/InsightToolkit-3.20.1/Code/BasicFilters",
					"/opt/kitware/InsightToolkit-3.20.1/Code/Algorithms",
					"/opt/kitware/InsightToolkit-build",
					"/opt/kitware/VTK-build",
					"/opt/kitware/VTK-build/Common",
					"/opt/kitware/VTK-build/Utilities",
					"/opt/kitware/VTK-build/VolumeRendering",
					"/opt/kitware/VTK-build/Rendering",
					"/opt/kitware/VTK-build/Charts",
					"/opt/kitware/VTK-build/Utilities/vtkalglib",
					/opt/kitware/VTK/Infovis,
					/opt/kitware/VTK/Geovis,
					/opt/kitware/VTK/Views,
					/opt/kitware/VTK/VolumeRendering,
					/opt/kitware/VTK/Hybrid,
					/opt/kitware/VTK/Widgets,
					/opt/kitware/VTK/Rendering,
					/opt/kitware/VTK/Charts,
					/opt/kitware/VTK/Rendering/Testing/Cxx,
					/opt/kitware/VTK/IO,
					/opt/kitware/VTK/Imaging,
					/opt/kitware/VTK/Graphics,
					/opt/kitware/VTK/GenericFiltering,
					/opt/kitware/VTK/Filtering,
					/opt/kitware/VTK/Common,
					/opt/kitware/VTK/Utilities,
					/opt/kitware/VTK/Common/Testing/Cxx,
					"/opt/kitware/VTK-build/Utilities/vtklibproj4",
					/opt/kitware/VTK/Utilities/vtklibproj4,
					"/opt/kitware/VTK-build/Utilities/DICOMParser",
					/opt/kitware/VTK/Utilities/DICOMParser,
					"/opt/kitware/VTK-build/Utilities/vtkfreetype/include",
					/opt/kitware/VTK/Utilities/vtkfreetype/include,
					"/opt/kitware/VTK-build/Utilities/vtknetcdf",
					/opt/kitware/VTK/Utilities/vtknetcdf,
					"/opt/kitware/VTK-build/Utilities/vtkexodus2/include",
					/opt/kitware/VTK/Utilities/vtkexodus2/include,
					"/opt/kitware/VTK-build/Utilities/MaterialLibrary",
					/opt/kitware/VTK/Utilities/MaterialLibrary,
					"/opt/kitware/VTK-build/Utilities/verdict",
					/opt/kitware/VTK/Utilities/verdict,
					/opt/kitware/VTK/Utilities/utf8/source,
					/opt/kitware/VTK/GUISupport/Qt,
					"/opt/kitware/VTK-build/GUISupport/Qt",
					/opt/kitware/VTK/GUISupport/Qt/Chart,
					"/opt/kitware/VTK-build/GUISupport/Qt/Chart",
					/opt/kitware/VTK/Utilities/vtkalglib,
					/opt/QtSDK/Desktop/Qt/474/gcc/include,
					/opt/QtSDK/Desktop/Qt/474/gcc/include/QtGui,
					/opt/QtSDK/Desktop/Qt/474/gcc/include/QtCore,
					"/Users/zian/Documents/Proyectos/Qt-ITK-VTK-Image-Viewer/build-xcode-3.20",
					"/Users/zian/Documents/Proyectos/Qt-ITK-VTK-Image-Viewer",
				);
				INSTALL_PATH = "";
				OTHER_CFLAGS = (
				);
				OTHER_LDFLAGS = "";
				OTHER_REZFLAGS = "";
				PRODUCT_NAME = ALL_BUILD;
				SECTORDER_FLAGS = "";
				SYMROOT = "/Users/zian/Documents/Proyectos/Qt-ITK-VTK-Image-Viewer/build-xcode-3.20";
				USE_HEADERMAP = NO;
				WARNING_CFLAGS = (
					"-Wmost",
					"-Wno-four-char-constants",
					"-Wno-unknown-pragmas",
				);
			};
			name = MinSizeRel;
		};
/* End XCBuildConfiguration section */

/* Begin XCConfigurationList section */
		106440010644001064400000 /* Build configuration list for PBXNativeTarget "ImageViewer" */ = {
			isa = XCConfigurationList;
			buildConfigurations = (
				1062E101062E101062E10000 /* Debug */,
				10648A010648A010648A0000 /* Release */,
				106B320106B320106B320000 /* MinSizeRel */,
				1071ED01071ED01071ED0000 /* RelWithDebInfo */,
			);
			defaultConfigurationIsVisible = 0;
			defaultConfigurationName = Debug;
		};
		5D7E505D7E505D7E50000000 /* Build configuration list for PBXProject "ImageViewer" */ = {
			isa = XCConfigurationList;
			buildConfigurations = (
				5D7FE05D7FE05D7FE0000000 /* Debug */,
				5D81E05D81E05D81E0000000 /* Release */,
				5D84405D84405D8440000000 /* MinSizeRel */,
				5D85E05D85E05D85E0000000 /* RelWithDebInfo */,
			);
			defaultConfigurationIsVisible = 0;
			defaultConfigurationName = Debug;
		};
		5DAC005DAC005DAC00000000 /* Build configuration list for PBXAggregateTarget "ALL_BUILD" */ = {
			isa = XCConfigurationList;
			buildConfigurations = (
				5DB1A05DB1A05DB1A0000000 /* Debug */,
				5E18B05E18B05E18B0000000 /* Release */,
				5E7F905E7F905E7F90000000 /* MinSizeRel */,
				5C66905C66905C6690000000 /* RelWithDebInfo */,
			);
			defaultConfigurationIsVisible = 0;
			defaultConfigurationName = Debug;
		};
/* End XCConfigurationList section */
	};
	rootObject = 5D75305D75305D7530000000 /* Project object */;
}
